// !$*UTF8*$!
{
	archiveVersion = 1;
	classes = {
	};
	objectVersion = 46;
	objects = {

/* Begin PBXBuildFile section */
		F41BDDD919410F3F0031C7FF /* BPBUpArrowView.m in Sources */ = {isa = PBXBuildFile; fileRef = F41BDDD819410F3F0031C7FF /* BPBUpArrowView.m */; };
		F41BDDDC194113B00031C7FF /* BPBDownArrowView.m in Sources */ = {isa = PBXBuildFile; fileRef = F41BDDDB194113B00031C7FF /* BPBDownArrowView.m */; };
		F43148BE1933B66D00529FC4 /* Storyboard.storyboard in Resources */ = {isa = PBXBuildFile; fileRef = F43148BD1933B66D00529FC4 /* Storyboard.storyboard */; };
		F43B124A19A97171004B7A5F /* PlanDiscussionView.xib in Resources */ = {isa = PBXBuildFile; fileRef = F43B124919A97171004B7A5F /* PlanDiscussionView.xib */; };
		F43B124C19A97A1E004B7A5F /* PreOpReviewView.xib in Resources */ = {isa = PBXBuildFile; fileRef = F43B124B19A97A1E004B7A5F /* PreOpReviewView.xib */; };
		F4458C0419A805F20020A90F /* BBPreOpView.m in Sources */ = {isa = PBXBuildFile; fileRef = F4458C0319A805F20020A90F /* BBPreOpView.m */; };
		F4458C0819A806840020A90F /* BPBViewController.m in Sources */ = {isa = PBXBuildFile; fileRef = F4458C0619A806840020A90F /* BPBViewController.m */; };
		F4458C0919A806840020A90F /* BPBViewController.xib in Resources */ = {isa = PBXBuildFile; fileRef = F4458C0719A806840020A90F /* BPBViewController.xib */; };
		F4458C0B19A80C040020A90F /* PreOpForm.xib in Resources */ = {isa = PBXBuildFile; fileRef = F4458C0A19A80C040020A90F /* PreOpForm.xib */; };
		F4615D4D192F908E0031470B /* Foundation.framework in Frameworks */ = {isa = PBXBuildFile; fileRef = F4615D4C192F908E0031470B /* Foundation.framework */; };
		F4615D4F192F908E0031470B /* CoreGraphics.framework in Frameworks */ = {isa = PBXBuildFile; fileRef = F4615D4E192F908E0031470B /* CoreGraphics.framework */; };
		F4615D51192F908E0031470B /* UIKit.framework in Frameworks */ = {isa = PBXBuildFile; fileRef = F4615D50192F908E0031470B /* UIKit.framework */; };
		F4615D53192F908E0031470B /* CoreData.framework in Frameworks */ = {isa = PBXBuildFile; fileRef = F4615D52192F908E0031470B /* CoreData.framework */; };
		F4615D59192F908E0031470B /* InfoPlist.strings in Resources */ = {isa = PBXBuildFile; fileRef = F4615D57192F908E0031470B /* InfoPlist.strings */; };
		F4615D5B192F908E0031470B /* main.m in Sources */ = {isa = PBXBuildFile; fileRef = F4615D5A192F908E0031470B /* main.m */; };
		F4615D5F192F908E0031470B /* BPBAppDelegate.m in Sources */ = {isa = PBXBuildFile; fileRef = F4615D5E192F908E0031470B /* BPBAppDelegate.m */; };
		F4615D62192F908E0031470B /* iCare2.xcdatamodeld in Sources */ = {isa = PBXBuildFile; fileRef = F4615D60192F908E0031470B /* iCare2.xcdatamodeld */; };
		F4615D64192F908E0031470B /* Images.xcassets in Resources */ = {isa = PBXBuildFile; fileRef = F4615D63192F908E0031470B /* Images.xcassets */; };
		F4615D6B192F908E0031470B /* XCTest.framework in Frameworks */ = {isa = PBXBuildFile; fileRef = F4615D6A192F908E0031470B /* XCTest.framework */; };
		F4615D6C192F908E0031470B /* Foundation.framework in Frameworks */ = {isa = PBXBuildFile; fileRef = F4615D4C192F908E0031470B /* Foundation.framework */; };
		F4615D6D192F908E0031470B /* UIKit.framework in Frameworks */ = {isa = PBXBuildFile; fileRef = F4615D50192F908E0031470B /* UIKit.framework */; };
		F4615D6E192F908E0031470B /* CoreData.framework in Frameworks */ = {isa = PBXBuildFile; fileRef = F4615D52192F908E0031470B /* CoreData.framework */; };
		F4615D76192F908E0031470B /* InfoPlist.strings in Resources */ = {isa = PBXBuildFile; fileRef = F4615D74192F908E0031470B /* InfoPlist.strings */; };
		F4615D78192F908E0031470B /* iCare2Tests.m in Sources */ = {isa = PBXBuildFile; fileRef = F4615D77192F908E0031470B /* iCare2Tests.m */; };
		F49172FD193F71EC00FB3090 /* sdfgds.xib in Resources */ = {isa = PBXBuildFile; fileRef = F49172FC193F71EC00FB3090 /* sdfgds.xib */; };
		F4CFF43919A526F10082CE70 /* View.xib in Resources */ = {isa = PBXBuildFile; fileRef = F4CFF43819A526F10082CE70 /* View.xib */; };
		F4DEA44B193E565C006B0FFA /* BBLinkedStoryBoardSegue.m in Sources */ = {isa = PBXBuildFile; fileRef = F4DEA44A193E565C006B0FFA /* BBLinkedStoryBoardSegue.m */; };
/* End PBXBuildFile section */

/* Begin PBXContainerItemProxy section */
		F4615D6F192F908E0031470B /* PBXContainerItemProxy */ = {
			isa = PBXContainerItemProxy;
			containerPortal = F4615D41192F908E0031470B /* Project object */;
			proxyType = 1;
			remoteGlobalIDString = F4615D48192F908E0031470B;
			remoteInfo = iCare2;
		};
/* End PBXContainerItemProxy section */

/* Begin PBXFileReference section */
		F41BDDD719410F3F0031C7FF /* BPBUpArrowView.h */ = {isa = PBXFileReference; fileEncoding = 4; lastKnownFileType = sourcecode.c.h; path = BPBUpArrowView.h; sourceTree = "<group>"; };
		F41BDDD819410F3F0031C7FF /* BPBUpArrowView.m */ = {isa = PBXFileReference; fileEncoding = 4; lastKnownFileType = sourcecode.c.objc; path = BPBUpArrowView.m; sourceTree = "<group>"; };
		F41BDDDA194113B00031C7FF /* BPBDownArrowView.h */ = {isa = PBXFileReference; fileEncoding = 4; lastKnownFileType = sourcecode.c.h; path = BPBDownArrowView.h; sourceTree = "<group>"; };
		F41BDDDB194113B00031C7FF /* BPBDownArrowView.m */ = {isa = PBXFileReference; fileEncoding = 4; lastKnownFileType = sourcecode.c.objc; path = BPBDownArrowView.m; sourceTree = "<group>"; };
		F43148BD1933B66D00529FC4 /* Storyboard.storyboard */ = {isa = PBXFileReference; fileEncoding = 4; lastKnownFileType = file.storyboard; path = Storyboard.storyboard; sourceTree = "<group>"; };
		F43B124919A97171004B7A5F /* PlanDiscussionView.xib */ = {isa = PBXFileReference; fileEncoding = 4; lastKnownFileType = file.xib; path = PlanDiscussionView.xib; sourceTree = "<group>"; };
		F43B124B19A97A1E004B7A5F /* PreOpReviewView.xib */ = {isa = PBXFileReference; fileEncoding = 4; lastKnownFileType = file.xib; path = PreOpReviewView.xib; sourceTree = "<group>"; };
		F4458C0219A805F20020A90F /* BBPreOpView.h */ = {isa = PBXFileReference; fileEncoding = 4; lastKnownFileType = sourcecode.c.h; path = BBPreOpView.h; sourceTree = "<group>"; };
		F4458C0319A805F20020A90F /* BBPreOpView.m */ = {isa = PBXFileReference; fileEncoding = 4; lastKnownFileType = sourcecode.c.objc; path = BBPreOpView.m; sourceTree = "<group>"; };
		F4458C0519A806840020A90F /* BPBViewController.h */ = {isa = PBXFileReference; fileEncoding = 4; lastKnownFileType = sourcecode.c.h; path = BPBViewController.h; sourceTree = "<group>"; };
		F4458C0619A806840020A90F /* BPBViewController.m */ = {isa = PBXFileReference; fileEncoding = 4; lastKnownFileType = sourcecode.c.objc; path = BPBViewController.m; sourceTree = "<group>"; };
		F4458C0719A806840020A90F /* BPBViewController.xib */ = {isa = PBXFileReference; fileEncoding = 4; lastKnownFileType = file.xib; path = BPBViewController.xib; sourceTree = "<group>"; };
		F4458C0A19A80C040020A90F /* PreOpForm.xib */ = {isa = PBXFileReference; fileEncoding = 4; lastKnownFileType = file.xib; path = PreOpForm.xib; sourceTree = "<group>"; };
		F4615D49192F908E0031470B /* iCare2.app */ = {isa = PBXFileReference; explicitFileType = wrapper.application; includeInIndex = 0; path = iCare2.app; sourceTree = BUILT_PRODUCTS_DIR; };
		F4615D4C192F908E0031470B /* Foundation.framework */ = {isa = PBXFileReference; lastKnownFileType = wrapper.framework; name = Foundation.framework; path = System/Library/Frameworks/Foundation.framework; sourceTree = SDKROOT; };
		F4615D4E192F908E0031470B /* CoreGraphics.framework */ = {isa = PBXFileReference; lastKnownFileType = wrapper.framework; name = CoreGraphics.framework; path = System/Library/Frameworks/CoreGraphics.framework; sourceTree = SDKROOT; };
		F4615D50192F908E0031470B /* UIKit.framework */ = {isa = PBXFileReference; lastKnownFileType = wrapper.framework; name = UIKit.framework; path = System/Library/Frameworks/UIKit.framework; sourceTree = SDKROOT; };
		F4615D52192F908E0031470B /* CoreData.framework */ = {isa = PBXFileReference; lastKnownFileType = wrapper.framework; name = CoreData.framework; path = System/Library/Frameworks/CoreData.framework; sourceTree = SDKROOT; };
		F4615D56192F908E0031470B /* iCare2-Info.plist */ = {isa = PBXFileReference; lastKnownFileType = text.plist.xml; path = "iCare2-Info.plist"; sourceTree = "<group>"; };
		F4615D58192F908E0031470B /* en */ = {isa = PBXFileReference; lastKnownFileType = text.plist.strings; name = en; path = en.lproj/InfoPlist.strings; sourceTree = "<group>"; };
		F4615D5A192F908E0031470B /* main.m */ = {isa = PBXFileReference; lastKnownFileType = sourcecode.c.objc; path = main.m; sourceTree = "<group>"; };
		F4615D5C192F908E0031470B /* iCare2-Prefix.pch */ = {isa = PBXFileReference; lastKnownFileType = sourcecode.c.h; path = "iCare2-Prefix.pch"; sourceTree = "<group>"; };
		F4615D5D192F908E0031470B /* BPBAppDelegate.h */ = {isa = PBXFileReference; lastKnownFileType = sourcecode.c.h; path = BPBAppDelegate.h; sourceTree = "<group>"; };
		F4615D5E192F908E0031470B /* BPBAppDelegate.m */ = {isa = PBXFileReference; lastKnownFileType = sourcecode.c.objc; path = BPBAppDelegate.m; sourceTree = "<group>"; };
		F4615D61192F908E0031470B /* iCare2.xcdatamodel */ = {isa = PBXFileReference; lastKnownFileType = wrapper.xcdatamodel; path = iCare2.xcdatamodel; sourceTree = "<group>"; };
		F4615D63192F908E0031470B /* Images.xcassets */ = {isa = PBXFileReference; lastKnownFileType = folder.assetcatalog; path = Images.xcassets; sourceTree = "<group>"; };
		F4615D69192F908E0031470B /* iCare2Tests.xctest */ = {isa = PBXFileReference; explicitFileType = wrapper.cfbundle; includeInIndex = 0; path = iCare2Tests.xctest; sourceTree = BUILT_PRODUCTS_DIR; };
		F4615D6A192F908E0031470B /* XCTest.framework */ = {isa = PBXFileReference; lastKnownFileType = wrapper.framework; name = XCTest.framework; path = Library/Frameworks/XCTest.framework; sourceTree = DEVELOPER_DIR; };
		F4615D73192F908E0031470B /* iCare2Tests-Info.plist */ = {isa = PBXFileReference; lastKnownFileType = text.plist.xml; path = "iCare2Tests-Info.plist"; sourceTree = "<group>"; };
		F4615D75192F908E0031470B /* en */ = {isa = PBXFileReference; lastKnownFileType = text.plist.strings; name = en; path = en.lproj/InfoPlist.strings; sourceTree = "<group>"; };
		F4615D77192F908E0031470B /* iCare2Tests.m */ = {isa = PBXFileReference; lastKnownFileType = sourcecode.c.objc; path = iCare2Tests.m; sourceTree = "<group>"; };
		F49172FC193F71EC00FB3090 /* sdfgds.xib */ = {isa = PBXFileReference; fileEncoding = 4; lastKnownFileType = file.xib; path = sdfgds.xib; sourceTree = "<group>"; };
		F4CFF43819A526F10082CE70 /* View.xib */ = {isa = PBXFileReference; fileEncoding = 4; lastKnownFileType = file.xib; path = View.xib; sourceTree = "<group>"; };
		F4DEA449193E565C006B0FFA /* BBLinkedStoryBoardSegue.h */ = {isa = PBXFileReference; fileEncoding = 4; lastKnownFileType = sourcecode.c.h; path = BBLinkedStoryBoardSegue.h; sourceTree = "<group>"; };
		F4DEA44A193E565C006B0FFA /* BBLinkedStoryBoardSegue.m */ = {isa = PBXFileReference; fileEncoding = 4; lastKnownFileType = sourcecode.c.objc; path = BBLinkedStoryBoardSegue.m; sourceTree = "<group>"; };
/* End PBXFileReference section */

/* Begin PBXFrameworksBuildPhase section */
		F4615D46192F908E0031470B /* Frameworks */ = {
			isa = PBXFrameworksBuildPhase;
			buildActionMask = 2147483647;
			files = (
				F4615D4F192F908E0031470B /* CoreGraphics.framework in Frameworks */,
				F4615D53192F908E0031470B /* CoreData.framework in Frameworks */,
				F4615D51192F908E0031470B /* UIKit.framework in Frameworks */,
				F4615D4D192F908E0031470B /* Foundation.framework in Frameworks */,
			);
			runOnlyForDeploymentPostprocessing = 0;
		};
		F4615D66192F908E0031470B /* Frameworks */ = {
			isa = PBXFrameworksBuildPhase;
			buildActionMask = 2147483647;
			files = (
				F4615D6B192F908E0031470B /* XCTest.framework in Frameworks */,
				F4615D6E192F908E0031470B /* CoreData.framework in Frameworks */,
				F4615D6D192F908E0031470B /* UIKit.framework in Frameworks */,
				F4615D6C192F908E0031470B /* Foundation.framework in Frameworks */,
			);
			runOnlyForDeploymentPostprocessing = 0;
		};
/* End PBXFrameworksBuildPhase section */

/* Begin PBXGroup section */
		F43148BF1933B67500529FC4 /* Model */ = {
			isa = PBXGroup;
			children = (
			);
			name = Model;
			sourceTree = "<group>";
		};
		F43148C01933B67B00529FC4 /* View */ = {
			isa = PBXGroup;
			children = (
				F43148BD1933B66D00529FC4 /* Storyboard.storyboard */,
				F43B124B19A97A1E004B7A5F /* PreOpReviewView.xib */,
				F4458C0519A806840020A90F /* BPBViewController.h */,
				F4458C0619A806840020A90F /* BPBViewController.m */,
				F4458C0719A806840020A90F /* BPBViewController.xib */,
				F4CFF43819A526F10082CE70 /* View.xib */,
				F43B124919A97171004B7A5F /* PlanDiscussionView.xib */,
				F4458C0A19A80C040020A90F /* PreOpForm.xib */,
				F4458C0219A805F20020A90F /* BBPreOpView.h */,
				F4458C0319A805F20020A90F /* BBPreOpView.m */,
				F49172FC193F71EC00FB3090 /* sdfgds.xib */,
				F41BDDDA194113B00031C7FF /* BPBDownArrowView.h */,
				F41BDDDB194113B00031C7FF /* BPBDownArrowView.m */,
				F41BDDD719410F3F0031C7FF /* BPBUpArrowView.h */,
				F41BDDD819410F3F0031C7FF /* BPBUpArrowView.m */,
			);
			name = View;
			sourceTree = "<group>";
		};
		F43148C11933B68100529FC4 /* Controller */ = {
			isa = PBXGroup;
			children = (
			);
			name = Controller;
			sourceTree = "<group>";
		};
		F4615D40192F908E0031470B = {
			isa = PBXGroup;
			children = (
				F43148C11933B68100529FC4 /* Controller */,
				F43148C01933B67B00529FC4 /* View */,
				F43148BF1933B67500529FC4 /* Model */,
				F4615D54192F908E0031470B /* iCare2 */,
				F4615D71192F908E0031470B /* iCare2Tests */,
				F4615D4B192F908E0031470B /* Frameworks */,
				F4615D4A192F908E0031470B /* Products */,
			);
			sourceTree = "<group>";
		};
		F4615D4A192F908E0031470B /* Products */ = {
			isa = PBXGroup;
			children = (
				F4615D49192F908E0031470B /* iCare2.app */,
				F4615D69192F908E0031470B /* iCare2Tests.xctest */,
			);
			name = Products;
			sourceTree = "<group>";
		};
		F4615D4B192F908E0031470B /* Frameworks */ = {
			isa = PBXGroup;
			children = (
				F4615D4C192F908E0031470B /* Foundation.framework */,
				F4615D4E192F908E0031470B /* CoreGraphics.framework */,
				F4615D50192F908E0031470B /* UIKit.framework */,
				F4615D52192F908E0031470B /* CoreData.framework */,
				F4615D6A192F908E0031470B /* XCTest.framework */,
			);
			name = Frameworks;
			sourceTree = "<group>";
		};
		F4615D54192F908E0031470B /* iCare2 */ = {
			isa = PBXGroup;
			children = (
				F4DEA449193E565C006B0FFA /* BBLinkedStoryBoardSegue.h */,
				F4DEA44A193E565C006B0FFA /* BBLinkedStoryBoardSegue.m */,
				F4615D5D192F908E0031470B /* BPBAppDelegate.h */,
				F4615D5E192F908E0031470B /* BPBAppDelegate.m */,
				F4615D63192F908E0031470B /* Images.xcassets */,
				F4615D60192F908E0031470B /* iCare2.xcdatamodeld */,
				F4615D55192F908E0031470B /* Supporting Files */,
			);
			path = iCare2;
			sourceTree = "<group>";
		};
		F4615D55192F908E0031470B /* Supporting Files */ = {
			isa = PBXGroup;
			children = (
				F4615D56192F908E0031470B /* iCare2-Info.plist */,
				F4615D57192F908E0031470B /* InfoPlist.strings */,
				F4615D5A192F908E0031470B /* main.m */,
				F4615D5C192F908E0031470B /* iCare2-Prefix.pch */,
			);
			name = "Supporting Files";
			sourceTree = "<group>";
		};
		F4615D71192F908E0031470B /* iCare2Tests */ = {
			isa = PBXGroup;
			children = (
				F4615D77192F908E0031470B /* iCare2Tests.m */,
				F4615D72192F908E0031470B /* Supporting Files */,
			);
			path = iCare2Tests;
			sourceTree = "<group>";
		};
		F4615D72192F908E0031470B /* Supporting Files */ = {
			isa = PBXGroup;
			children = (
				F4615D73192F908E0031470B /* iCare2Tests-Info.plist */,
				F4615D74192F908E0031470B /* InfoPlist.strings */,
			);
			name = "Supporting Files";
			sourceTree = "<group>";
		};
/* End PBXGroup section */

/* Begin PBXNativeTarget section */
		F4615D48192F908E0031470B /* iCare2 */ = {
			isa = PBXNativeTarget;
			buildConfigurationList = F4615D7B192F908E0031470B /* Build configuration list for PBXNativeTarget "iCare2" */;
			buildPhases = (
				F4615D45192F908E0031470B /* Sources */,
				F4615D46192F908E0031470B /* Frameworks */,
				F4615D47192F908E0031470B /* Resources */,
			);
			buildRules = (
			);
			dependencies = (
			);
			name = iCare2;
			productName = iCare2;
			productReference = F4615D49192F908E0031470B /* iCare2.app */;
			productType = "com.apple.product-type.application";
		};
		F4615D68192F908E0031470B /* iCare2Tests */ = {
			isa = PBXNativeTarget;
			buildConfigurationList = F4615D7E192F908E0031470B /* Build configuration list for PBXNativeTarget "iCare2Tests" */;
			buildPhases = (
				F4615D65192F908E0031470B /* Sources */,
				F4615D66192F908E0031470B /* Frameworks */,
				F4615D67192F908E0031470B /* Resources */,
			);
			buildRules = (
			);
			dependencies = (
				F4615D70192F908E0031470B /* PBXTargetDependency */,
			);
			name = iCare2Tests;
			productName = iCare2Tests;
			productReference = F4615D69192F908E0031470B /* iCare2Tests.xctest */;
			productType = "com.apple.product-type.bundle.unit-test";
		};
/* End PBXNativeTarget section */

/* Begin PBXProject section */
		F4615D41192F908E0031470B /* Project object */ = {
			isa = PBXProject;
			attributes = {
				CLASSPREFIX = BPB;
				LastUpgradeCheck = 0510;
				ORGANIZATIONNAME = "Spartan Systems Inc.";
				TargetAttributes = {
					F4615D68192F908E0031470B = {
						TestTargetID = F4615D48192F908E0031470B;
					};
				};
			};
			buildConfigurationList = F4615D44192F908E0031470B /* Build configuration list for PBXProject "iCare2" */;
			compatibilityVersion = "Xcode 3.2";
			developmentRegion = English;
			hasScannedForEncodings = 0;
			knownRegions = (
				en,
			);
			mainGroup = F4615D40192F908E0031470B;
			productRefGroup = F4615D4A192F908E0031470B /* Products */;
			projectDirPath = "";
			projectRoot = "";
			targets = (
				F4615D48192F908E0031470B /* iCare2 */,
				F4615D68192F908E0031470B /* iCare2Tests */,
			);
		};
/* End PBXProject section */

/* Begin PBXResourcesBuildPhase section */
		F4615D47192F908E0031470B /* Resources */ = {
			isa = PBXResourcesBuildPhase;
			buildActionMask = 2147483647;
			files = (
				F4615D59192F908E0031470B /* InfoPlist.strings in Resources */,
				F43B124A19A97171004B7A5F /* PlanDiscussionView.xib in Resources */,
				F4458C0919A806840020A90F /* BPBViewController.xib in Resources */,
				F43B124C19A97A1E004B7A5F /* PreOpReviewView.xib in Resources */,
				F4CFF43919A526F10082CE70 /* View.xib in Resources */,
				F49172FD193F71EC00FB3090 /* sdfgds.xib in Resources */,
				F4615D64192F908E0031470B /* Images.xcassets in Resources */,
				F43148BE1933B66D00529FC4 /* Storyboard.storyboard in Resources */,
				F4458C0B19A80C040020A90F /* PreOpForm.xib in Resources */,
			);
			runOnlyForDeploymentPostprocessing = 0;
		};
		F4615D67192F908E0031470B /* Resources */ = {
			isa = PBXResourcesBuildPhase;
			buildActionMask = 2147483647;
			files = (
				F4615D76192F908E0031470B /* InfoPlist.strings in Resources */,
			);
			runOnlyForDeploymentPostprocessing = 0;
		};
/* End PBXResourcesBuildPhase section */

/* Begin PBXSourcesBuildPhase section */
		F4615D45192F908E0031470B /* Sources */ = {
			isa = PBXSourcesBuildPhase;
			buildActionMask = 2147483647;
			files = (
				F4458C0419A805F20020A90F /* BBPreOpView.m in Sources */,
				F4458C0819A806840020A90F /* BPBViewController.m in Sources */,
				F4615D62192F908E0031470B /* iCare2.xcdatamodeld in Sources */,
				F4DEA44B193E565C006B0FFA /* BBLinkedStoryBoardSegue.m in Sources */,
				F4615D5B192F908E0031470B /* main.m in Sources */,
				F41BDDDC194113B00031C7FF /* BPBDownArrowView.m in Sources */,
				F4615D5F192F908E0031470B /* BPBAppDelegate.m in Sources */,
				F41BDDD919410F3F0031C7FF /* BPBUpArrowView.m in Sources */,
			);
			runOnlyForDeploymentPostprocessing = 0;
		};
		F4615D65192F908E0031470B /* Sources */ = {
			isa = PBXSourcesBuildPhase;
			buildActionMask = 2147483647;
			files = (
				F4615D78192F908E0031470B /* iCare2Tests.m in Sources */,
			);
			runOnlyForDeploymentPostprocessing = 0;
		};
/* End PBXSourcesBuildPhase section */

/* Begin PBXTargetDependency section */
		F4615D70192F908E0031470B /* PBXTargetDependency */ = {
			isa = PBXTargetDependency;
			target = F4615D48192F908E0031470B /* iCare2 */;
			targetProxy = F4615D6F192F908E0031470B /* PBXContainerItemProxy */;
		};
/* End PBXTargetDependency section */

/* Begin PBXVariantGroup section */
		F4615D57192F908E0031470B /* InfoPlist.strings */ = {
			isa = PBXVariantGroup;
			children = (
				F4615D58192F908E0031470B /* en */,
			);
			name = InfoPlist.strings;
			sourceTree = "<group>";
		};
		F4615D74192F908E0031470B /* InfoPlist.strings */ = {
			isa = PBXVariantGroup;
			children = (
				F4615D75192F908E0031470B /* en */,
			);
			name = InfoPlist.strings;
			sourceTree = "<group>";
		};
/* End PBXVariantGroup section */

/* Begin XCBuildConfiguration section */
		F4615D79192F908E0031470B /* Debug */ = {
			isa = XCBuildConfiguration;
			buildSettings = {
				ALWAYS_SEARCH_USER_PATHS = NO;
				CLANG_CXX_LANGUAGE_STANDARD = "gnu++0x";
				CLANG_CXX_LIBRARY = "libc++";
				CLANG_ENABLE_MODULES = YES;
				CLANG_ENABLE_OBJC_ARC = YES;
				CLANG_WARN_BOOL_CONVERSION = YES;
				CLANG_WARN_CONSTANT_CONVERSION = YES;
				CLANG_WARN_DIRECT_OBJC_ISA_USAGE = YES_ERROR;
				CLANG_WARN_EMPTY_BODY = YES;
				CLANG_WARN_ENUM_CONVERSION = YES;
				CLANG_WARN_INT_CONVERSION = YES;
				CLANG_WARN_OBJC_ROOT_CLASS = YES_ERROR;
				CLANG_WARN__DUPLICATE_METHOD_MATCH = YES;
				"CODE_SIGN_IDENTITY[sdk=iphoneos*]" = "iPhone Developer";
				COPY_PHASE_STRIP = NO;
				GCC_C_LANGUAGE_STANDARD = gnu99;
				GCC_DYNAMIC_NO_PIC = NO;
				GCC_OPTIMIZATION_LEVEL = 0;
				GCC_PREPROCESSOR_DEFINITIONS = (
					"DEBUG=1",
					"$(inherited)",
				);
				GCC_SYMBOLS_PRIVATE_EXTERN = NO;
				GCC_WARN_64_TO_32_BIT_CONVERSION = YES;
				GCC_WARN_ABOUT_RETURN_TYPE = YES_ERROR;
				GCC_WARN_UNDECLARED_SELECTOR = YES;
				GCC_WARN_UNINITIALIZED_AUTOS = YES_AGGRESSIVE;
				GCC_WARN_UNUSED_FUNCTION = YES;
				GCC_WARN_UNUSED_VARIABLE = YES;
				IPHONEOS_DEPLOYMENT_TARGET = 7.1;
				ONLY_ACTIVE_ARCH = YES;
				SDKROOT = iphoneos;
				TARGETED_DEVICE_FAMILY = 2;
			};
			name = Debug;
		};
		F4615D7A192F908E0031470B /* Release */ = {
			isa = XCBuildConfiguration;
			buildSettings = {
				ALWAYS_SEARCH_USER_PATHS = NO;
				CLANG_CXX_LANGUAGE_STANDARD = "gnu++0x";
				CLANG_CXX_LIBRARY = "libc++";
				CLANG_ENABLE_MODULES = YES;
				CLANG_ENABLE_OBJC_ARC = YES;
				CLANG_WARN_BOOL_CONVERSION = YES;
				CLANG_WARN_CONSTANT_CONVERSION = YES;
				CLANG_WARN_DIRECT_OBJC_ISA_USAGE = YES_ERROR;
				CLANG_WARN_EMPTY_BODY = YES;
				CLANG_WARN_ENUM_CONVERSION = YES;
				CLANG_WARN_INT_CONVERSION = YES;
				CLANG_WARN_OBJC_ROOT_CLASS = YES_ERROR;
				CLANG_WARN__DUPLICATE_METHOD_MATCH = YES;
				"CODE_SIGN_IDENTITY[sdk=iphoneos*]" = "iPhone Developer";
				COPY_PHASE_STRIP = YES;
				ENABLE_NS_ASSERTIONS = NO;
				GCC_C_LANGUAGE_STANDARD = gnu99;
				GCC_WARN_64_TO_32_BIT_CONVERSION = YES;
				GCC_WARN_ABOUT_RETURN_TYPE = YES_ERROR;
				GCC_WARN_UNDECLARED_SELECTOR = YES;
				GCC_WARN_UNINITIALIZED_AUTOS = YES_AGGRESSIVE;
				GCC_WARN_UNUSED_FUNCTION = YES;
				GCC_WARN_UNUSED_VARIABLE = YES;
				IPHONEOS_DEPLOYMENT_TARGET = 7.1;
				SDKROOT = iphoneos;
				TARGETED_DEVICE_FAMILY = 2;
				VALIDATE_PRODUCT = YES;
			};
			name = Release;
		};
		F4615D7C192F908E0031470B /* Debug */ = {
			isa = XCBuildConfiguration;
			buildSettings = {
				ASSETCATALOG_COMPILER_APPICON_NAME = AppIcon;
				ASSETCATALOG_COMPILER_LAUNCHIMAGE_NAME = LaunchImage;
				GCC_PRECOMPILE_PREFIX_HEADER = YES;
				GCC_PREFIX_HEADER = "iCare2/iCare2-Prefix.pch";
				INFOPLIST_FILE = "iCare2/iCare2-Info.plist";
				PRODUCT_NAME = "$(TARGET_NAME)";
				WRAPPER_EXTENSION = app;
			};
			name = Debug;
		};
		F4615D7D192F908E0031470B /* Release */ = {
			isa = XCBuildConfiguration;
			buildSettings = {
				ASSETCATALOG_COMPILER_APPICON_NAME = AppIcon;
				ASSETCATALOG_COMPILER_LAUNCHIMAGE_NAME = LaunchImage;
				GCC_PRECOMPILE_PREFIX_HEADER = YES;
				GCC_PREFIX_HEADER = "iCare2/iCare2-Prefix.pch";
				INFOPLIST_FILE = "iCare2/iCare2-Info.plist";
				PRODUCT_NAME = "$(TARGET_NAME)";
				WRAPPER_EXTENSION = app;
			};
			name = Release;
		};
		F4615D7F192F908E0031470B /* Debug */ = {
			isa = XCBuildConfiguration;
			buildSettings = {
				BUNDLE_LOADER = "$(BUILT_PRODUCTS_DIR)/iCare2.app/iCare2";
				FRAMEWORK_SEARCH_PATHS = (
					"$(SDKROOT)/Developer/Library/Frameworks",
					"$(inherited)",
					"$(DEVELOPER_FRAMEWORKS_DIR)",
				);
				GCC_PRECOMPILE_PREFIX_HEADER = YES;
				GCC_PREFIX_HEADER = "iCare2/iCare2-Prefix.pch";
				GCC_PREPROCESSOR_DEFINITIONS = (
					"DEBUG=1",
					"$(inherited)",
				);
				INFOPLIST_FILE = "iCare2Tests/iCare2Tests-Info.plist";
				PRODUCT_NAME = "$(TARGET_NAME)";
				TEST_HOST = "$(BUNDLE_LOADER)";
				WRAPPER_EXTENSION = xctest;
			};
			name = Debug;
		};
		F4615D80192F908E0031470B /* Release */ = {
			isa = XCBuildConfiguration;
			buildSettings = {
				BUNDLE_LOADER = "$(BUILT_PRODUCTS_DIR)/iCare2.app/iCare2";
				FRAMEWORK_SEARCH_PATHS = (
					"$(SDKROOT)/Developer/Library/Frameworks",
					"$(inherited)",
					"$(DEVELOPER_FRAMEWORKS_DIR)",
				);
				GCC_PRECOMPILE_PREFIX_HEADER = YES;
				GCC_PREFIX_HEADER = "iCare2/iCare2-Prefix.pch";
				INFOPLIST_FILE = "iCare2Tests/iCare2Tests-Info.plist";
				PRODUCT_NAME = "$(TARGET_NAME)";
				TEST_HOST = "$(BUNDLE_LOADER)";
				WRAPPER_EXTENSION = xctest;
			};
			name = Release;
		};
/* End XCBuildConfiguration section */

/* Begin XCConfigurationList section */
		F4615D44192F908E0031470B /* Build configuration list for PBXProject "iCare2" */ = {
			isa = XCConfigurationList;
			buildConfigurations = (
				F4615D79192F908E0031470B /* Debug */,
				F4615D7A192F908E0031470B /* Release */,
			);
			defaultConfigurationIsVisible = 0;
			defaultConfigurationName = Release;
		};
		F4615D7B192F908E0031470B /* Build configuration list for PBXNativeTarget "iCare2" */ = {
			isa = XCConfigurationList;
			buildConfigurations = (
				F4615D7C192F908E0031470B /* Debug */,
				F4615D7D192F908E0031470B /* Release */,
			);
			defaultConfigurationIsVisible = 0;
			defaultConfigurationName = Release;
		};
		F4615D7E192F908E0031470B /* Build configuration list for PBXNativeTarget "iCare2Tests" */ = {
			isa = XCConfigurationList;
			buildConfigurations = (
				F4615D7F192F908E0031470B /* Debug */,
				F4615D80192F908E0031470B /* Release */,
			);
			defaultConfigurationIsVisible = 0;
			defaultConfigurationName = Release;
		};
/* End XCConfigurationList section */

/* Begin XCVersionGroup section */
		F4615D60192F908E0031470B /* iCare2.xcdatamodeld */ = {
			isa = XCVersionGroup;
			children = (
				F4615D61192F908E0031470B /* iCare2.xcdatamodel */,
			);
			currentVersion = F4615D61192F908E0031470B /* iCare2.xcdatamodel */;
			path = iCare2.xcdatamodeld;
			sourceTree = "<group>";
			versionGroupType = wrapper.xcdatamodel;
		};
/* End XCVersionGroup section */
	};
	rootObject = F4615D41192F908E0031470B /* Project object */;
}
