// !$*UTF8*$!
{
	archiveVersion = 1;
	classes = {
	};
	objectVersion = 46;
	objects = {

/* Begin PBXBuildFile section */
		988D166619AE63A2009A887A /* AnesthesiaTypeViewController.m in Sources */ = {isa = PBXBuildFile; fileRef = 988D161919AE63A1009A887A /* AnesthesiaTypeViewController.m */; };
		988D166719AE63A2009A887A /* AnesthesiaTypeViewController.xib in Resources */ = {isa = PBXBuildFile; fileRef = 988D161A19AE63A1009A887A /* AnesthesiaTypeViewController.xib */; };
		988D166819AE63A2009A887A /* BBPreopActionsViewController.m in Sources */ = {isa = PBXBuildFile; fileRef = 988D161C19AE63A1009A887A /* BBPreopActionsViewController.m */; };
		988D166919AE63A2009A887A /* BBPreopActionsViewController.xib in Resources */ = {isa = PBXBuildFile; fileRef = 988D161D19AE63A1009A887A /* BBPreopActionsViewController.xib */; };
		988D166B19AE63A2009A887A /* BetaBlockerViewController.m in Sources */ = {isa = PBXBuildFile; fileRef = 988D162119AE63A1009A887A /* BetaBlockerViewController.m */; };
		988D166C19AE63A2009A887A /* BetaBlockerViewController.xib in Resources */ = {isa = PBXBuildFile; fileRef = 988D162219AE63A1009A887A /* BetaBlockerViewController.xib */; };
		988D166F19AE63A2009A887A /* EmergenceViewController.m in Sources */ = {isa = PBXBuildFile; fileRef = 988D162719AE63A1009A887A /* EmergenceViewController.m */; };
		988D167019AE63A2009A887A /* EmergenceViewController.xib in Resources */ = {isa = PBXBuildFile; fileRef = 988D162819AE63A1009A887A /* EmergenceViewController.xib */; };
		988D167119AE63A2009A887A /* EndotrachealTubeViewController.m in Sources */ = {isa = PBXBuildFile; fileRef = 988D162A19AE63A1009A887A /* EndotrachealTubeViewController.m */; };
		988D167219AE63A2009A887A /* EndotrachealTubeViewController.xib in Resources */ = {isa = PBXBuildFile; fileRef = 988D162B19AE63A1009A887A /* EndotrachealTubeViewController.xib */; };
		988D167D19AE63A2009A887A /* InductionAndDeviceViewController.m in Sources */ = {isa = PBXBuildFile; fileRef = 988D163F19AE63A1009A887A /* InductionAndDeviceViewController.m */; };
		988D167E19AE63A2009A887A /* InductionAndDeviceViewController.xib in Resources */ = {isa = PBXBuildFile; fileRef = 988D164019AE63A1009A887A /* InductionAndDeviceViewController.xib */; };
		988D167F19AE63A2009A887A /* IntubationViewController.m in Sources */ = {isa = PBXBuildFile; fileRef = 988D164219AE63A1009A887A /* IntubationViewController.m */; };
		988D168019AE63A2009A887A /* IntubationViewController.xib in Resources */ = {isa = PBXBuildFile; fileRef = 988D164319AE63A1009A887A /* IntubationViewController.xib */; };
		988D168119AE63A2009A887A /* InvasiveLinesViewController.m in Sources */ = {isa = PBXBuildFile; fileRef = 988D164519AE63A1009A887A /* InvasiveLinesViewController.m */; };
		988D168219AE63A2009A887A /* InvasiveLinesViewController.xib in Resources */ = {isa = PBXBuildFile; fileRef = 988D164619AE63A1009A887A /* InvasiveLinesViewController.xib */; };
		988D168319AE63A2009A887A /* IVAntibioticNameViewController.m in Sources */ = {isa = PBXBuildFile; fileRef = 988D164819AE63A1009A887A /* IVAntibioticNameViewController.m */; };
		988D168419AE63A2009A887A /* IVAntibioticNameViewController.xib in Resources */ = {isa = PBXBuildFile; fileRef = 988D164919AE63A1009A887A /* IVAntibioticNameViewController.xib */; };
		988D168519AE63A2009A887A /* MonitorinAndEquipmentViewController.m in Sources */ = {isa = PBXBuildFile; fileRef = 988D164B19AE63A1009A887A /* MonitorinAndEquipmentViewController.m */; };
		988D168619AE63A2009A887A /* MonitorinAndEquipmentViewController.xib in Resources */ = {isa = PBXBuildFile; fileRef = 988D164C19AE63A1009A887A /* MonitorinAndEquipmentViewController.xib */; };
		988D168719AE63A2009A887A /* PersonelViewController.m in Sources */ = {isa = PBXBuildFile; fileRef = 988D164E19AE63A2009A887A /* PersonelViewController.m */; };
		988D168819AE63A2009A887A /* PersonelViewController.xib in Resources */ = {isa = PBXBuildFile; fileRef = 988D164F19AE63A2009A887A /* PersonelViewController.xib */; };
		988D168A19AE63A2009A887A /* PositionViewController.m in Sources */ = {isa = PBXBuildFile; fileRef = 988D165219AE63A2009A887A /* PositionViewController.m */; };
		988D168B19AE63A2009A887A /* PositionViewController.xib in Resources */ = {isa = PBXBuildFile; fileRef = 988D165319AE63A2009A887A /* PositionViewController.xib */; };
		988D168C19AE63A2009A887A /* PostAnesthesiaEvalViewController.m in Sources */ = {isa = PBXBuildFile; fileRef = 988D165519AE63A2009A887A /* PostAnesthesiaEvalViewController.m */; };
		988D168D19AE63A2009A887A /* PostAnesthesiaEvalViewController.xib in Resources */ = {isa = PBXBuildFile; fileRef = 988D165619AE63A2009A887A /* PostAnesthesiaEvalViewController.xib */; };
		988D168E19AE63A2009A887A /* PostOpDiagnosisViewController.m in Sources */ = {isa = PBXBuildFile; fileRef = 988D165819AE63A2009A887A /* PostOpDiagnosisViewController.m */; };
		988D168F19AE63A2009A887A /* PostOpDiagnosisViewController.xib in Resources */ = {isa = PBXBuildFile; fileRef = 988D165919AE63A2009A887A /* PostOpDiagnosisViewController.xib */; };
		988D169019AE63A2009A887A /* PostProcedureGeneralViewController.m in Sources */ = {isa = PBXBuildFile; fileRef = 988D165B19AE63A2009A887A /* PostProcedureGeneralViewController.m */; };
		988D169119AE63A2009A887A /* PostProcedureGeneralViewController.xib in Resources */ = {isa = PBXBuildFile; fileRef = 988D165C19AE63A2009A887A /* PostProcedureGeneralViewController.xib */; };
		988D169219AE63A2009A887A /* PremedsGivenViewController.m in Sources */ = {isa = PBXBuildFile; fileRef = 988D165E19AE63A2009A887A /* PremedsGivenViewController.m */; };
		988D169319AE63A2009A887A /* PremedsGivenViewController.xib in Resources */ = {isa = PBXBuildFile; fileRef = 988D165F19AE63A2009A887A /* PremedsGivenViewController.xib */; };
		988D169719AE63A2009A887A /* SpinalAnesthesiaViewController.m in Sources */ = {isa = PBXBuildFile; fileRef = 988D166419AE63A2009A887A /* SpinalAnesthesiaViewController.m */; };
		988D169819AE63A2009A887A /* SpinalAnesthesiaViewController.xib in Resources */ = {isa = PBXBuildFile; fileRef = 988D166519AE63A2009A887A /* SpinalAnesthesiaViewController.xib */; };
		98FF05F719B0CAF10003129C /* Practitioner.m in Sources */ = {isa = PBXBuildFile; fileRef = 98FF05F619B0CAF10003129C /* Practitioner.m */; };
		98FF05FA19B20D4F0003129C /* BBUtil.m in Sources */ = {isa = PBXBuildFile; fileRef = 98FF05F919B20D4F0003129C /* BBUtil.m */; };
		98FF05FE19B226900003129C /* BBPatientTableAdapter.m in Sources */ = {isa = PBXBuildFile; fileRef = 98FF05FD19B226900003129C /* BBPatientTableAdapter.m */; };
		98FF060119B245970003129C /* BBPatientFormTableAdapter.m in Sources */ = {isa = PBXBuildFile; fileRef = 98FF060019B245970003129C /* BBPatientFormTableAdapter.m */; };
		98FF060D19BDF7530003129C /* BBAutoCompleteTextFieldDelegate.m in Sources */ = {isa = PBXBuildFile; fileRef = 98FF060C19BDF7530003129C /* BBAutoCompleteTextFieldDelegate.m */; };
		98FF061019BE01F40003129C /* BBAutoCompleteTextField.m in Sources */ = {isa = PBXBuildFile; fileRef = 98FF060F19BE01F40003129C /* BBAutoCompleteTextField.m */; };
		F417DB6F19AE8F9400F13178 /* DataModel.xcdatamodeld in Sources */ = {isa = PBXBuildFile; fileRef = F417DB6D19AE8F9400F13178 /* DataModel.xcdatamodeld */; };
		F43148BE1933B66D00529FC4 /* Storyboard.storyboard in Resources */ = {isa = PBXBuildFile; fileRef = F43148BD1933B66D00529FC4 /* Storyboard.storyboard */; };
		F4615D4D192F908E0031470B /* Foundation.framework in Frameworks */ = {isa = PBXBuildFile; fileRef = F4615D4C192F908E0031470B /* Foundation.framework */; };
		F4615D4F192F908E0031470B /* CoreGraphics.framework in Frameworks */ = {isa = PBXBuildFile; fileRef = F4615D4E192F908E0031470B /* CoreGraphics.framework */; };
		F4615D51192F908E0031470B /* UIKit.framework in Frameworks */ = {isa = PBXBuildFile; fileRef = F4615D50192F908E0031470B /* UIKit.framework */; };
		F4615D53192F908E0031470B /* CoreData.framework in Frameworks */ = {isa = PBXBuildFile; fileRef = F4615D52192F908E0031470B /* CoreData.framework */; };
		F4615D59192F908E0031470B /* InfoPlist.strings in Resources */ = {isa = PBXBuildFile; fileRef = F4615D57192F908E0031470B /* InfoPlist.strings */; };
		F4615D5B192F908E0031470B /* main.m in Sources */ = {isa = PBXBuildFile; fileRef = F4615D5A192F908E0031470B /* main.m */; };
		F4615D5F192F908E0031470B /* BPBAppDelegate.m in Sources */ = {isa = PBXBuildFile; fileRef = F4615D5E192F908E0031470B /* BPBAppDelegate.m */; };
		F4615D64192F908E0031470B /* Images.xcassets in Resources */ = {isa = PBXBuildFile; fileRef = F4615D63192F908E0031470B /* Images.xcassets */; };
		F4615D6B192F908E0031470B /* XCTest.framework in Frameworks */ = {isa = PBXBuildFile; fileRef = F4615D6A192F908E0031470B /* XCTest.framework */; };
		F4615D6C192F908E0031470B /* Foundation.framework in Frameworks */ = {isa = PBXBuildFile; fileRef = F4615D4C192F908E0031470B /* Foundation.framework */; };
		F4615D6D192F908E0031470B /* UIKit.framework in Frameworks */ = {isa = PBXBuildFile; fileRef = F4615D50192F908E0031470B /* UIKit.framework */; };
		F4615D6E192F908E0031470B /* CoreData.framework in Frameworks */ = {isa = PBXBuildFile; fileRef = F4615D52192F908E0031470B /* CoreData.framework */; };
		F47FF38B19AE655A00809D30 /* BBAnesthesiaRecordController.m in Sources */ = {isa = PBXBuildFile; fileRef = F47FF38A19AE655A00809D30 /* BBAnesthesiaRecordController.m */; };
		F48AAEDC19BE1C2D0051A168 /* BBOperationsTableAdapter.m in Sources */ = {isa = PBXBuildFile; fileRef = F48AAEDB19BE1C2D0051A168 /* BBOperationsTableAdapter.m */; };
		F4AFB92619ABABB000CA013B /* BBRespiratoryViewController.m in Sources */ = {isa = PBXBuildFile; fileRef = F4AFB92419ABABB000CA013B /* BBRespiratoryViewController.m */; };
		F4AFB92719ABABB000CA013B /* BBRespiratoryViewController.xib in Resources */ = {isa = PBXBuildFile; fileRef = F4AFB92519ABABB000CA013B /* BBRespiratoryViewController.xib */; };
		F4AFB92A19ABADD900CA013B /* checkbox_selected.png in Resources */ = {isa = PBXBuildFile; fileRef = F4AFB92819ABADD900CA013B /* checkbox_selected.png */; };
		F4AFB92B19ABADD900CA013B /* checkbox_unselected.png in Resources */ = {isa = PBXBuildFile; fileRef = F4AFB92919ABADD900CA013B /* checkbox_unselected.png */; };
		F4AFB92F19ABAF2000CA013B /* BBCardioViewController.m in Sources */ = {isa = PBXBuildFile; fileRef = F4AFB92D19ABAF2000CA013B /* BBCardioViewController.m */; };
		F4AFB93019ABAF2000CA013B /* BBCardioViewController.xib in Resources */ = {isa = PBXBuildFile; fileRef = F4AFB92E19ABAF2000CA013B /* BBCardioViewController.xib */; };
		F4AFB93419ABB0B600CA013B /* BBHepatoViewController.m in Sources */ = {isa = PBXBuildFile; fileRef = F4AFB93219ABB0B600CA013B /* BBHepatoViewController.m */; };
		F4AFB93519ABB0B600CA013B /* BBHepatoViewController.xib in Resources */ = {isa = PBXBuildFile; fileRef = F4AFB93319ABB0B600CA013B /* BBHepatoViewController.xib */; };
		F4AFB93919ABB55E00CA013B /* BBNeuroligcViewController.m in Sources */ = {isa = PBXBuildFile; fileRef = F4AFB93719ABB55E00CA013B /* BBNeuroligcViewController.m */; };
		F4AFB93A19ABB55E00CA013B /* BBNeuroligcViewController.xib in Resources */ = {isa = PBXBuildFile; fileRef = F4AFB93819ABB55E00CA013B /* BBNeuroligcViewController.xib */; };
		F4AFB93E19ABB65000CA013B /* BBEndocrineViewController.m in Sources */ = {isa = PBXBuildFile; fileRef = F4AFB93C19ABB65000CA013B /* BBEndocrineViewController.m */; };
		F4AFB93F19ABB65000CA013B /* BBEndocrineViewController.xib in Resources */ = {isa = PBXBuildFile; fileRef = F4AFB93D19ABB65000CA013B /* BBEndocrineViewController.xib */; };
		F4AFB94319ABB71D00CA013B /* BBRenalViewController.m in Sources */ = {isa = PBXBuildFile; fileRef = F4AFB94119ABB71D00CA013B /* BBRenalViewController.m */; };
		F4AFB94419ABB71D00CA013B /* BBRenalViewController.xib in Resources */ = {isa = PBXBuildFile; fileRef = F4AFB94219ABB71D00CA013B /* BBRenalViewController.xib */; };
		F4AFB94819ABB86100CA013B /* BBHemOncViewController.m in Sources */ = {isa = PBXBuildFile; fileRef = F4AFB94619ABB86100CA013B /* BBHemOncViewController.m */; };
		F4AFB94919ABB86100CA013B /* BBHemOncViewController.xib in Resources */ = {isa = PBXBuildFile; fileRef = F4AFB94719ABB86100CA013B /* BBHemOncViewController.xib */; };
		F4AFB94D19ABB8E300CA013B /* BBImmuneIDViewController.m in Sources */ = {isa = PBXBuildFile; fileRef = F4AFB94B19ABB8E300CA013B /* BBImmuneIDViewController.m */; };
		F4AFB94E19ABB8E300CA013B /* BBImmuneIDViewController.xib in Resources */ = {isa = PBXBuildFile; fileRef = F4AFB94C19ABB8E300CA013B /* BBImmuneIDViewController.xib */; };
		F4AFB95219ABB96700CA013B /* BBOtherViewController.m in Sources */ = {isa = PBXBuildFile; fileRef = F4AFB95019ABB96700CA013B /* BBOtherViewController.m */; };
		F4AFB95319ABB96700CA013B /* BBOtherViewController.xib in Resources */ = {isa = PBXBuildFile; fileRef = F4AFB95119ABB96700CA013B /* BBOtherViewController.xib */; };
		F4AFB95619ABBDF600CA013B /* BBMainViewController.m in Sources */ = {isa = PBXBuildFile; fileRef = F4AFB95519ABBDF600CA013B /* BBMainViewController.m */; };
		F4AFB95919ABBECC00CA013B /* BBPreOpEvalTableTableViewController.m in Sources */ = {isa = PBXBuildFile; fileRef = F4AFB95819ABBECC00CA013B /* BBPreOpEvalTableTableViewController.m */; };
		F4AFB95C19ABBF9900CA013B /* BBPatientFormsViewController.m in Sources */ = {isa = PBXBuildFile; fileRef = F4AFB95B19ABBF9900CA013B /* BBPatientFormsViewController.m */; };
		F4AFB95F19ABC11900CA013B /* BBNewPatientViewController.m in Sources */ = {isa = PBXBuildFile; fileRef = F4AFB95E19ABC11900CA013B /* BBNewPatientViewController.m */; };
		F4AFB96219ABC59E00CA013B /* BBCheckBox.m in Sources */ = {isa = PBXBuildFile; fileRef = F4AFB96119ABC59E00CA013B /* BBCheckBox.m */; };
		F4B5D56E19ACC3E300174F61 /* OverviewViewController.m in Sources */ = {isa = PBXBuildFile; fileRef = F4B5D56C19ACC3E300174F61 /* OverviewViewController.m */; };
		F4B5D56F19ACC3E300174F61 /* OverviewViewController.xib in Resources */ = {isa = PBXBuildFile; fileRef = F4B5D56D19ACC3E300174F61 /* OverviewViewController.xib */; };
		F4B5D57319ACCE1800174F61 /* BBDaignosticStudiesViewController.m in Sources */ = {isa = PBXBuildFile; fileRef = F4B5D57119ACCE1800174F61 /* BBDaignosticStudiesViewController.m */; };
		F4B5D57419ACCE1800174F61 /* BBDaignosticStudiesViewController.xib in Resources */ = {isa = PBXBuildFile; fileRef = F4B5D57219ACCE1800174F61 /* BBDaignosticStudiesViewController.xib */; };
		F4B5D57819ACD00400174F61 /* BBPlanDiscussionViewController.m in Sources */ = {isa = PBXBuildFile; fileRef = F4B5D57619ACD00400174F61 /* BBPlanDiscussionViewController.m */; };
		F4B5D57919ACD00400174F61 /* BBPlanDiscussionViewController.xib in Resources */ = {isa = PBXBuildFile; fileRef = F4B5D57719ACD00400174F61 /* BBPlanDiscussionViewController.xib */; };
		F4B5D57D19ACEC7A00174F61 /* BBPreOpReviewViewController.m in Sources */ = {isa = PBXBuildFile; fileRef = F4B5D57B19ACEC7A00174F61 /* BBPreOpReviewViewController.m */; };
		F4B5D57E19ACEC7A00174F61 /* BBPreOpReviewViewController.xib in Resources */ = {isa = PBXBuildFile; fileRef = F4B5D57C19ACEC7A00174F61 /* BBPreOpReviewViewController.xib */; };
		F4CFF43919A526F10082CE70 /* View.xib in Resources */ = {isa = PBXBuildFile; fileRef = F4CFF43819A526F10082CE70 /* View.xib */; };
		F4D901B219B25DEB000E23E4 /* Operation.m in Sources */ = {isa = PBXBuildFile; fileRef = F4D901B119B25DEB000E23E4 /* Operation.m */; };
		F4D901B519B25DEB000E23E4 /* Patient.m in Sources */ = {isa = PBXBuildFile; fileRef = F4D901B419B25DEB000E23E4 /* Patient.m */; };
		F4D901B819B25F94000E23E4 /* BBData.m in Sources */ = {isa = PBXBuildFile; fileRef = F4D901B719B25F94000E23E4 /* BBData.m */; };
		F4DEA44B193E565C006B0FFA /* BBLinkedStoryBoardSegue.m in Sources */ = {isa = PBXBuildFile; fileRef = F4DEA44A193E565C006B0FFA /* BBLinkedStoryBoardSegue.m */; };
		F4DF068D19B0BFE300DDBE7E /* LoginViewController.m in Sources */ = {isa = PBXBuildFile; fileRef = F4DF068B19B0BFE300DDBE7E /* LoginViewController.m */; };
		F4DF068E19B0BFE300DDBE7E /* LoginViewController.xib in Resources */ = {isa = PBXBuildFile; fileRef = F4DF068C19B0BFE300DDBE7E /* LoginViewController.xib */; };
		F4DF069719B0C35E00DDBE7E /* CreateUserViewController.m in Sources */ = {isa = PBXBuildFile; fileRef = F4DF069519B0C35E00DDBE7E /* CreateUserViewController.m */; };
		F4DF069819B0C35E00DDBE7E /* CreateUserViewController.xib in Resources */ = {isa = PBXBuildFile; fileRef = F4DF069619B0C35E00DDBE7E /* CreateUserViewController.xib */; };
		F4DF06A219B149BE00DDBE7E /* BBDatePickerViewController.m in Sources */ = {isa = PBXBuildFile; fileRef = F4DF06A119B149BE00DDBE7E /* BBDatePickerViewController.m */; };
/* End PBXBuildFile section */

/* Begin PBXContainerItemProxy section */
		F4615D6F192F908E0031470B /* PBXContainerItemProxy */ = {
			isa = PBXContainerItemProxy;
			containerPortal = F4615D41192F908E0031470B /* Project object */;
			proxyType = 1;
			remoteGlobalIDString = F4615D48192F908E0031470B;
			remoteInfo = iCare2;
		};
/* End PBXContainerItemProxy section */

/* Begin PBXFileReference section */
		988D161819AE63A1009A887A /* AnesthesiaTypeViewController.h */ = {isa = PBXFileReference; fileEncoding = 4; lastKnownFileType = sourcecode.c.h; path = AnesthesiaTypeViewController.h; sourceTree = "<group>"; };
		988D161919AE63A1009A887A /* AnesthesiaTypeViewController.m */ = {isa = PBXFileReference; fileEncoding = 4; lastKnownFileType = sourcecode.c.objc; path = AnesthesiaTypeViewController.m; sourceTree = "<group>"; };
		988D161A19AE63A1009A887A /* AnesthesiaTypeViewController.xib */ = {isa = PBXFileReference; fileEncoding = 4; lastKnownFileType = file.xib; path = AnesthesiaTypeViewController.xib; sourceTree = "<group>"; };
		988D161B19AE63A1009A887A /* BBPreopActionsViewController.h */ = {isa = PBXFileReference; fileEncoding = 4; lastKnownFileType = sourcecode.c.h; path = BBPreopActionsViewController.h; sourceTree = "<group>"; };
		988D161C19AE63A1009A887A /* BBPreopActionsViewController.m */ = {isa = PBXFileReference; fileEncoding = 4; lastKnownFileType = sourcecode.c.objc; path = BBPreopActionsViewController.m; sourceTree = "<group>"; };
		988D161D19AE63A1009A887A /* BBPreopActionsViewController.xib */ = {isa = PBXFileReference; fileEncoding = 4; lastKnownFileType = file.xib; path = BBPreopActionsViewController.xib; sourceTree = "<group>"; };
		988D162019AE63A1009A887A /* BetaBlockerViewController.h */ = {isa = PBXFileReference; fileEncoding = 4; lastKnownFileType = sourcecode.c.h; path = BetaBlockerViewController.h; sourceTree = "<group>"; };
		988D162119AE63A1009A887A /* BetaBlockerViewController.m */ = {isa = PBXFileReference; fileEncoding = 4; lastKnownFileType = sourcecode.c.objc; path = BetaBlockerViewController.m; sourceTree = "<group>"; };
		988D162219AE63A1009A887A /* BetaBlockerViewController.xib */ = {isa = PBXFileReference; fileEncoding = 4; lastKnownFileType = file.xib; path = BetaBlockerViewController.xib; sourceTree = "<group>"; };
		988D162619AE63A1009A887A /* EmergenceViewController.h */ = {isa = PBXFileReference; fileEncoding = 4; lastKnownFileType = sourcecode.c.h; path = EmergenceViewController.h; sourceTree = "<group>"; };
		988D162719AE63A1009A887A /* EmergenceViewController.m */ = {isa = PBXFileReference; fileEncoding = 4; lastKnownFileType = sourcecode.c.objc; path = EmergenceViewController.m; sourceTree = "<group>"; };
		988D162819AE63A1009A887A /* EmergenceViewController.xib */ = {isa = PBXFileReference; fileEncoding = 4; lastKnownFileType = file.xib; path = EmergenceViewController.xib; sourceTree = "<group>"; };
		988D162919AE63A1009A887A /* EndotrachealTubeViewController.h */ = {isa = PBXFileReference; fileEncoding = 4; lastKnownFileType = sourcecode.c.h; path = EndotrachealTubeViewController.h; sourceTree = "<group>"; };
		988D162A19AE63A1009A887A /* EndotrachealTubeViewController.m */ = {isa = PBXFileReference; fileEncoding = 4; lastKnownFileType = sourcecode.c.objc; path = EndotrachealTubeViewController.m; sourceTree = "<group>"; };
		988D162B19AE63A1009A887A /* EndotrachealTubeViewController.xib */ = {isa = PBXFileReference; fileEncoding = 4; lastKnownFileType = file.xib; path = EndotrachealTubeViewController.xib; sourceTree = "<group>"; };
		988D163E19AE63A1009A887A /* InductionAndDeviceViewController.h */ = {isa = PBXFileReference; fileEncoding = 4; lastKnownFileType = sourcecode.c.h; path = InductionAndDeviceViewController.h; sourceTree = "<group>"; };
		988D163F19AE63A1009A887A /* InductionAndDeviceViewController.m */ = {isa = PBXFileReference; fileEncoding = 4; lastKnownFileType = sourcecode.c.objc; path = InductionAndDeviceViewController.m; sourceTree = "<group>"; };
		988D164019AE63A1009A887A /* InductionAndDeviceViewController.xib */ = {isa = PBXFileReference; fileEncoding = 4; lastKnownFileType = file.xib; path = InductionAndDeviceViewController.xib; sourceTree = "<group>"; };
		988D164119AE63A1009A887A /* IntubationViewController.h */ = {isa = PBXFileReference; fileEncoding = 4; lastKnownFileType = sourcecode.c.h; path = IntubationViewController.h; sourceTree = "<group>"; };
		988D164219AE63A1009A887A /* IntubationViewController.m */ = {isa = PBXFileReference; fileEncoding = 4; lastKnownFileType = sourcecode.c.objc; path = IntubationViewController.m; sourceTree = "<group>"; };
		988D164319AE63A1009A887A /* IntubationViewController.xib */ = {isa = PBXFileReference; fileEncoding = 4; lastKnownFileType = file.xib; path = IntubationViewController.xib; sourceTree = "<group>"; };
		988D164419AE63A1009A887A /* InvasiveLinesViewController.h */ = {isa = PBXFileReference; fileEncoding = 4; lastKnownFileType = sourcecode.c.h; path = InvasiveLinesViewController.h; sourceTree = "<group>"; };
		988D164519AE63A1009A887A /* InvasiveLinesViewController.m */ = {isa = PBXFileReference; fileEncoding = 4; lastKnownFileType = sourcecode.c.objc; path = InvasiveLinesViewController.m; sourceTree = "<group>"; };
		988D164619AE63A1009A887A /* InvasiveLinesViewController.xib */ = {isa = PBXFileReference; fileEncoding = 4; lastKnownFileType = file.xib; path = InvasiveLinesViewController.xib; sourceTree = "<group>"; };
		988D164719AE63A1009A887A /* IVAntibioticNameViewController.h */ = {isa = PBXFileReference; fileEncoding = 4; lastKnownFileType = sourcecode.c.h; path = IVAntibioticNameViewController.h; sourceTree = "<group>"; };
		988D164819AE63A1009A887A /* IVAntibioticNameViewController.m */ = {isa = PBXFileReference; fileEncoding = 4; lastKnownFileType = sourcecode.c.objc; path = IVAntibioticNameViewController.m; sourceTree = "<group>"; };
		988D164919AE63A1009A887A /* IVAntibioticNameViewController.xib */ = {isa = PBXFileReference; fileEncoding = 4; lastKnownFileType = file.xib; path = IVAntibioticNameViewController.xib; sourceTree = "<group>"; };
		988D164A19AE63A1009A887A /* MonitorinAndEquipmentViewController.h */ = {isa = PBXFileReference; fileEncoding = 4; lastKnownFileType = sourcecode.c.h; path = MonitorinAndEquipmentViewController.h; sourceTree = "<group>"; };
		988D164B19AE63A1009A887A /* MonitorinAndEquipmentViewController.m */ = {isa = PBXFileReference; fileEncoding = 4; lastKnownFileType = sourcecode.c.objc; path = MonitorinAndEquipmentViewController.m; sourceTree = "<group>"; };
		988D164C19AE63A1009A887A /* MonitorinAndEquipmentViewController.xib */ = {isa = PBXFileReference; fileEncoding = 4; lastKnownFileType = file.xib; path = MonitorinAndEquipmentViewController.xib; sourceTree = "<group>"; };
		988D164D19AE63A2009A887A /* PersonelViewController.h */ = {isa = PBXFileReference; fileEncoding = 4; lastKnownFileType = sourcecode.c.h; path = PersonelViewController.h; sourceTree = "<group>"; };
		988D164E19AE63A2009A887A /* PersonelViewController.m */ = {isa = PBXFileReference; fileEncoding = 4; lastKnownFileType = sourcecode.c.objc; path = PersonelViewController.m; sourceTree = "<group>"; };
		988D164F19AE63A2009A887A /* PersonelViewController.xib */ = {isa = PBXFileReference; fileEncoding = 4; lastKnownFileType = file.xib; path = PersonelViewController.xib; sourceTree = "<group>"; };
		988D165119AE63A2009A887A /* PositionViewController.h */ = {isa = PBXFileReference; fileEncoding = 4; lastKnownFileType = sourcecode.c.h; path = PositionViewController.h; sourceTree = "<group>"; };
		988D165219AE63A2009A887A /* PositionViewController.m */ = {isa = PBXFileReference; fileEncoding = 4; lastKnownFileType = sourcecode.c.objc; path = PositionViewController.m; sourceTree = "<group>"; };
		988D165319AE63A2009A887A /* PositionViewController.xib */ = {isa = PBXFileReference; fileEncoding = 4; lastKnownFileType = file.xib; path = PositionViewController.xib; sourceTree = "<group>"; };
		988D165419AE63A2009A887A /* PostAnesthesiaEvalViewController.h */ = {isa = PBXFileReference; fileEncoding = 4; lastKnownFileType = sourcecode.c.h; path = PostAnesthesiaEvalViewController.h; sourceTree = "<group>"; };
		988D165519AE63A2009A887A /* PostAnesthesiaEvalViewController.m */ = {isa = PBXFileReference; fileEncoding = 4; lastKnownFileType = sourcecode.c.objc; path = PostAnesthesiaEvalViewController.m; sourceTree = "<group>"; };
		988D165619AE63A2009A887A /* PostAnesthesiaEvalViewController.xib */ = {isa = PBXFileReference; fileEncoding = 4; lastKnownFileType = file.xib; path = PostAnesthesiaEvalViewController.xib; sourceTree = "<group>"; };
		988D165719AE63A2009A887A /* PostOpDiagnosisViewController.h */ = {isa = PBXFileReference; fileEncoding = 4; lastKnownFileType = sourcecode.c.h; path = PostOpDiagnosisViewController.h; sourceTree = "<group>"; };
		988D165819AE63A2009A887A /* PostOpDiagnosisViewController.m */ = {isa = PBXFileReference; fileEncoding = 4; lastKnownFileType = sourcecode.c.objc; path = PostOpDiagnosisViewController.m; sourceTree = "<group>"; };
		988D165919AE63A2009A887A /* PostOpDiagnosisViewController.xib */ = {isa = PBXFileReference; fileEncoding = 4; lastKnownFileType = file.xib; path = PostOpDiagnosisViewController.xib; sourceTree = "<group>"; };
		988D165A19AE63A2009A887A /* PostProcedureGeneralViewController.h */ = {isa = PBXFileReference; fileEncoding = 4; lastKnownFileType = sourcecode.c.h; path = PostProcedureGeneralViewController.h; sourceTree = "<group>"; };
		988D165B19AE63A2009A887A /* PostProcedureGeneralViewController.m */ = {isa = PBXFileReference; fileEncoding = 4; lastKnownFileType = sourcecode.c.objc; path = PostProcedureGeneralViewController.m; sourceTree = "<group>"; };
		988D165C19AE63A2009A887A /* PostProcedureGeneralViewController.xib */ = {isa = PBXFileReference; fileEncoding = 4; lastKnownFileType = file.xib; path = PostProcedureGeneralViewController.xib; sourceTree = "<group>"; };
		988D165D19AE63A2009A887A /* PremedsGivenViewController.h */ = {isa = PBXFileReference; fileEncoding = 4; lastKnownFileType = sourcecode.c.h; path = PremedsGivenViewController.h; sourceTree = "<group>"; };
		988D165E19AE63A2009A887A /* PremedsGivenViewController.m */ = {isa = PBXFileReference; fileEncoding = 4; lastKnownFileType = sourcecode.c.objc; path = PremedsGivenViewController.m; sourceTree = "<group>"; };
		988D165F19AE63A2009A887A /* PremedsGivenViewController.xib */ = {isa = PBXFileReference; fileEncoding = 4; lastKnownFileType = file.xib; path = PremedsGivenViewController.xib; sourceTree = "<group>"; };
		988D166319AE63A2009A887A /* SpinalAnesthesiaViewController.h */ = {isa = PBXFileReference; fileEncoding = 4; lastKnownFileType = sourcecode.c.h; path = SpinalAnesthesiaViewController.h; sourceTree = "<group>"; };
		988D166419AE63A2009A887A /* SpinalAnesthesiaViewController.m */ = {isa = PBXFileReference; fileEncoding = 4; lastKnownFileType = sourcecode.c.objc; path = SpinalAnesthesiaViewController.m; sourceTree = "<group>"; };
		988D166519AE63A2009A887A /* SpinalAnesthesiaViewController.xib */ = {isa = PBXFileReference; fileEncoding = 4; lastKnownFileType = file.xib; path = SpinalAnesthesiaViewController.xib; sourceTree = "<group>"; };
		98FF05F519B0CAF10003129C /* Practitioner.h */ = {isa = PBXFileReference; fileEncoding = 4; lastKnownFileType = sourcecode.c.h; path = Practitioner.h; sourceTree = "<group>"; };
		98FF05F619B0CAF10003129C /* Practitioner.m */ = {isa = PBXFileReference; fileEncoding = 4; lastKnownFileType = sourcecode.c.objc; path = Practitioner.m; sourceTree = "<group>"; };
		98FF05F819B20D4F0003129C /* BBUtil.h */ = {isa = PBXFileReference; fileEncoding = 4; lastKnownFileType = sourcecode.c.h; path = BBUtil.h; sourceTree = "<group>"; };
		98FF05F919B20D4F0003129C /* BBUtil.m */ = {isa = PBXFileReference; fileEncoding = 4; lastKnownFileType = sourcecode.c.objc; path = BBUtil.m; sourceTree = "<group>"; };
		98FF05FC19B226900003129C /* BBPatientTableAdapter.h */ = {isa = PBXFileReference; fileEncoding = 4; lastKnownFileType = sourcecode.c.h; path = BBPatientTableAdapter.h; sourceTree = "<group>"; };
		98FF05FD19B226900003129C /* BBPatientTableAdapter.m */ = {isa = PBXFileReference; fileEncoding = 4; lastKnownFileType = sourcecode.c.objc; path = BBPatientTableAdapter.m; sourceTree = "<group>"; };
		98FF05FF19B245970003129C /* BBPatientFormTableAdapter.h */ = {isa = PBXFileReference; fileEncoding = 4; lastKnownFileType = sourcecode.c.h; path = BBPatientFormTableAdapter.h; sourceTree = "<group>"; };
		98FF060019B245970003129C /* BBPatientFormTableAdapter.m */ = {isa = PBXFileReference; fileEncoding = 4; lastKnownFileType = sourcecode.c.objc; path = BBPatientFormTableAdapter.m; sourceTree = "<group>"; };
		98FF060B19BDF7530003129C /* BBAutoCompleteTextFieldDelegate.h */ = {isa = PBXFileReference; fileEncoding = 4; lastKnownFileType = sourcecode.c.h; path = BBAutoCompleteTextFieldDelegate.h; sourceTree = "<group>"; };
		98FF060C19BDF7530003129C /* BBAutoCompleteTextFieldDelegate.m */ = {isa = PBXFileReference; fileEncoding = 4; lastKnownFileType = sourcecode.c.objc; path = BBAutoCompleteTextFieldDelegate.m; sourceTree = "<group>"; };
		98FF060E19BE01F40003129C /* BBAutoCompleteTextField.h */ = {isa = PBXFileReference; fileEncoding = 4; lastKnownFileType = sourcecode.c.h; path = BBAutoCompleteTextField.h; sourceTree = "<group>"; };
		98FF060F19BE01F40003129C /* BBAutoCompleteTextField.m */ = {isa = PBXFileReference; fileEncoding = 4; lastKnownFileType = sourcecode.c.objc; path = BBAutoCompleteTextField.m; sourceTree = "<group>"; };
		F417DB6E19AE8F9400F13178 /* DataModel.xcdatamodel */ = {isa = PBXFileReference; lastKnownFileType = wrapper.xcdatamodel; path = DataModel.xcdatamodel; sourceTree = "<group>"; };
		F43148BD1933B66D00529FC4 /* Storyboard.storyboard */ = {isa = PBXFileReference; fileEncoding = 4; lastKnownFileType = file.storyboard; name = Storyboard.storyboard; path = ../Storyboard.storyboard; sourceTree = "<group>"; };
		F4615D49192F908E0031470B /* iCare2.app */ = {isa = PBXFileReference; explicitFileType = wrapper.application; includeInIndex = 0; path = iCare2.app; sourceTree = BUILT_PRODUCTS_DIR; };
		F4615D4C192F908E0031470B /* Foundation.framework */ = {isa = PBXFileReference; lastKnownFileType = wrapper.framework; name = Foundation.framework; path = System/Library/Frameworks/Foundation.framework; sourceTree = SDKROOT; };
		F4615D4E192F908E0031470B /* CoreGraphics.framework */ = {isa = PBXFileReference; lastKnownFileType = wrapper.framework; name = CoreGraphics.framework; path = System/Library/Frameworks/CoreGraphics.framework; sourceTree = SDKROOT; };
		F4615D50192F908E0031470B /* UIKit.framework */ = {isa = PBXFileReference; lastKnownFileType = wrapper.framework; name = UIKit.framework; path = System/Library/Frameworks/UIKit.framework; sourceTree = SDKROOT; };
		F4615D52192F908E0031470B /* CoreData.framework */ = {isa = PBXFileReference; lastKnownFileType = wrapper.framework; name = CoreData.framework; path = System/Library/Frameworks/CoreData.framework; sourceTree = SDKROOT; };
		F4615D56192F908E0031470B /* iCare2-Info.plist */ = {isa = PBXFileReference; lastKnownFileType = text.plist.xml; path = "iCare2-Info.plist"; sourceTree = "<group>"; };
		F4615D58192F908E0031470B /* en */ = {isa = PBXFileReference; lastKnownFileType = text.plist.strings; name = en; path = en.lproj/InfoPlist.strings; sourceTree = "<group>"; };
		F4615D5A192F908E0031470B /* main.m */ = {isa = PBXFileReference; lastKnownFileType = sourcecode.c.objc; path = main.m; sourceTree = "<group>"; };
		F4615D5C192F908E0031470B /* iCare2-Prefix.pch */ = {isa = PBXFileReference; lastKnownFileType = sourcecode.c.h; path = "iCare2-Prefix.pch"; sourceTree = "<group>"; };
		F4615D5D192F908E0031470B /* BPBAppDelegate.h */ = {isa = PBXFileReference; lastKnownFileType = sourcecode.c.h; path = BPBAppDelegate.h; sourceTree = "<group>"; };
		F4615D5E192F908E0031470B /* BPBAppDelegate.m */ = {isa = PBXFileReference; lastKnownFileType = sourcecode.c.objc; path = BPBAppDelegate.m; sourceTree = "<group>"; };
		F4615D63192F908E0031470B /* Images.xcassets */ = {isa = PBXFileReference; lastKnownFileType = folder.assetcatalog; path = Images.xcassets; sourceTree = "<group>"; };
		F4615D69192F908E0031470B /* iCare2Tests.xctest */ = {isa = PBXFileReference; explicitFileType = wrapper.cfbundle; includeInIndex = 0; path = iCare2Tests.xctest; sourceTree = BUILT_PRODUCTS_DIR; };
		F4615D6A192F908E0031470B /* XCTest.framework */ = {isa = PBXFileReference; lastKnownFileType = wrapper.framework; name = XCTest.framework; path = Library/Frameworks/XCTest.framework; sourceTree = DEVELOPER_DIR; };
		F47FF38919AE655A00809D30 /* BBAnesthesiaRecordController.h */ = {isa = PBXFileReference; fileEncoding = 4; lastKnownFileType = sourcecode.c.h; path = BBAnesthesiaRecordController.h; sourceTree = "<group>"; };
		F47FF38A19AE655A00809D30 /* BBAnesthesiaRecordController.m */ = {isa = PBXFileReference; fileEncoding = 4; lastKnownFileType = sourcecode.c.objc; path = BBAnesthesiaRecordController.m; sourceTree = "<group>"; };
		F48AAEDA19BE1C2D0051A168 /* BBOperationsTableAdapter.h */ = {isa = PBXFileReference; fileEncoding = 4; lastKnownFileType = sourcecode.c.h; path = BBOperationsTableAdapter.h; sourceTree = "<group>"; };
		F48AAEDB19BE1C2D0051A168 /* BBOperationsTableAdapter.m */ = {isa = PBXFileReference; fileEncoding = 4; lastKnownFileType = sourcecode.c.objc; path = BBOperationsTableAdapter.m; sourceTree = "<group>"; };
		F4AFB92319ABABB000CA013B /* BBRespiratoryViewController.h */ = {isa = PBXFileReference; fileEncoding = 4; lastKnownFileType = sourcecode.c.h; path = BBRespiratoryViewController.h; sourceTree = "<group>"; };
		F4AFB92419ABABB000CA013B /* BBRespiratoryViewController.m */ = {isa = PBXFileReference; fileEncoding = 4; lastKnownFileType = sourcecode.c.objc; path = BBRespiratoryViewController.m; sourceTree = "<group>"; };
		F4AFB92519ABABB000CA013B /* BBRespiratoryViewController.xib */ = {isa = PBXFileReference; fileEncoding = 4; lastKnownFileType = file.xib; path = BBRespiratoryViewController.xib; sourceTree = "<group>"; };
		F4AFB92819ABADD900CA013B /* checkbox_selected.png */ = {isa = PBXFileReference; lastKnownFileType = image.png; path = checkbox_selected.png; sourceTree = SOURCE_ROOT; };
		F4AFB92919ABADD900CA013B /* checkbox_unselected.png */ = {isa = PBXFileReference; lastKnownFileType = image.png; path = checkbox_unselected.png; sourceTree = SOURCE_ROOT; };
		F4AFB92C19ABAF2000CA013B /* BBCardioViewController.h */ = {isa = PBXFileReference; fileEncoding = 4; lastKnownFileType = sourcecode.c.h; path = BBCardioViewController.h; sourceTree = "<group>"; };
		F4AFB92D19ABAF2000CA013B /* BBCardioViewController.m */ = {isa = PBXFileReference; fileEncoding = 4; lastKnownFileType = sourcecode.c.objc; path = BBCardioViewController.m; sourceTree = "<group>"; };
		F4AFB92E19ABAF2000CA013B /* BBCardioViewController.xib */ = {isa = PBXFileReference; fileEncoding = 4; lastKnownFileType = file.xib; path = BBCardioViewController.xib; sourceTree = "<group>"; };
		F4AFB93119ABB0B600CA013B /* BBHepatoViewController.h */ = {isa = PBXFileReference; fileEncoding = 4; lastKnownFileType = sourcecode.c.h; path = BBHepatoViewController.h; sourceTree = "<group>"; };
		F4AFB93219ABB0B600CA013B /* BBHepatoViewController.m */ = {isa = PBXFileReference; fileEncoding = 4; lastKnownFileType = sourcecode.c.objc; path = BBHepatoViewController.m; sourceTree = "<group>"; };
		F4AFB93319ABB0B600CA013B /* BBHepatoViewController.xib */ = {isa = PBXFileReference; fileEncoding = 4; lastKnownFileType = file.xib; path = BBHepatoViewController.xib; sourceTree = "<group>"; };
		F4AFB93619ABB55E00CA013B /* BBNeuroligcViewController.h */ = {isa = PBXFileReference; fileEncoding = 4; lastKnownFileType = sourcecode.c.h; path = BBNeuroligcViewController.h; sourceTree = "<group>"; };
		F4AFB93719ABB55E00CA013B /* BBNeuroligcViewController.m */ = {isa = PBXFileReference; fileEncoding = 4; lastKnownFileType = sourcecode.c.objc; path = BBNeuroligcViewController.m; sourceTree = "<group>"; };
		F4AFB93819ABB55E00CA013B /* BBNeuroligcViewController.xib */ = {isa = PBXFileReference; fileEncoding = 4; lastKnownFileType = file.xib; path = BBNeuroligcViewController.xib; sourceTree = "<group>"; };
		F4AFB93B19ABB65000CA013B /* BBEndocrineViewController.h */ = {isa = PBXFileReference; fileEncoding = 4; lastKnownFileType = sourcecode.c.h; path = BBEndocrineViewController.h; sourceTree = "<group>"; };
		F4AFB93C19ABB65000CA013B /* BBEndocrineViewController.m */ = {isa = PBXFileReference; fileEncoding = 4; lastKnownFileType = sourcecode.c.objc; path = BBEndocrineViewController.m; sourceTree = "<group>"; };
		F4AFB93D19ABB65000CA013B /* BBEndocrineViewController.xib */ = {isa = PBXFileReference; fileEncoding = 4; lastKnownFileType = file.xib; path = BBEndocrineViewController.xib; sourceTree = "<group>"; };
		F4AFB94019ABB71D00CA013B /* BBRenalViewController.h */ = {isa = PBXFileReference; fileEncoding = 4; lastKnownFileType = sourcecode.c.h; path = BBRenalViewController.h; sourceTree = "<group>"; };
		F4AFB94119ABB71D00CA013B /* BBRenalViewController.m */ = {isa = PBXFileReference; fileEncoding = 4; lastKnownFileType = sourcecode.c.objc; path = BBRenalViewController.m; sourceTree = "<group>"; };
		F4AFB94219ABB71D00CA013B /* BBRenalViewController.xib */ = {isa = PBXFileReference; fileEncoding = 4; lastKnownFileType = file.xib; path = BBRenalViewController.xib; sourceTree = "<group>"; };
		F4AFB94519ABB86100CA013B /* BBHemOncViewController.h */ = {isa = PBXFileReference; fileEncoding = 4; lastKnownFileType = sourcecode.c.h; path = BBHemOncViewController.h; sourceTree = "<group>"; };
		F4AFB94619ABB86100CA013B /* BBHemOncViewController.m */ = {isa = PBXFileReference; fileEncoding = 4; lastKnownFileType = sourcecode.c.objc; path = BBHemOncViewController.m; sourceTree = "<group>"; };
		F4AFB94719ABB86100CA013B /* BBHemOncViewController.xib */ = {isa = PBXFileReference; fileEncoding = 4; lastKnownFileType = file.xib; path = BBHemOncViewController.xib; sourceTree = "<group>"; };
		F4AFB94A19ABB8E300CA013B /* BBImmuneIDViewController.h */ = {isa = PBXFileReference; fileEncoding = 4; lastKnownFileType = sourcecode.c.h; path = BBImmuneIDViewController.h; sourceTree = "<group>"; };
		F4AFB94B19ABB8E300CA013B /* BBImmuneIDViewController.m */ = {isa = PBXFileReference; fileEncoding = 4; lastKnownFileType = sourcecode.c.objc; path = BBImmuneIDViewController.m; sourceTree = "<group>"; };
		F4AFB94C19ABB8E300CA013B /* BBImmuneIDViewController.xib */ = {isa = PBXFileReference; fileEncoding = 4; lastKnownFileType = file.xib; path = BBImmuneIDViewController.xib; sourceTree = "<group>"; };
		F4AFB94F19ABB96700CA013B /* BBOtherViewController.h */ = {isa = PBXFileReference; fileEncoding = 4; lastKnownFileType = sourcecode.c.h; path = BBOtherViewController.h; sourceTree = "<group>"; };
		F4AFB95019ABB96700CA013B /* BBOtherViewController.m */ = {isa = PBXFileReference; fileEncoding = 4; lastKnownFileType = sourcecode.c.objc; path = BBOtherViewController.m; sourceTree = "<group>"; };
		F4AFB95119ABB96700CA013B /* BBOtherViewController.xib */ = {isa = PBXFileReference; fileEncoding = 4; lastKnownFileType = file.xib; path = BBOtherViewController.xib; sourceTree = "<group>"; };
		F4AFB95419ABBDF600CA013B /* BBMainViewController.h */ = {isa = PBXFileReference; fileEncoding = 4; lastKnownFileType = sourcecode.c.h; name = BBMainViewController.h; path = ../BBMainViewController.h; sourceTree = "<group>"; };
		F4AFB95519ABBDF600CA013B /* BBMainViewController.m */ = {isa = PBXFileReference; fileEncoding = 4; lastKnownFileType = sourcecode.c.objc; name = BBMainViewController.m; path = ../BBMainViewController.m; sourceTree = "<group>"; };
		F4AFB95719ABBECC00CA013B /* BBPreOpEvalTableTableViewController.h */ = {isa = PBXFileReference; fileEncoding = 4; lastKnownFileType = sourcecode.c.h; path = BBPreOpEvalTableTableViewController.h; sourceTree = "<group>"; };
		F4AFB95819ABBECC00CA013B /* BBPreOpEvalTableTableViewController.m */ = {isa = PBXFileReference; fileEncoding = 4; lastKnownFileType = sourcecode.c.objc; path = BBPreOpEvalTableTableViewController.m; sourceTree = "<group>"; };
		F4AFB95A19ABBF9900CA013B /* BBPatientFormsViewController.h */ = {isa = PBXFileReference; fileEncoding = 4; lastKnownFileType = sourcecode.c.h; path = BBPatientFormsViewController.h; sourceTree = "<group>"; };
		F4AFB95B19ABBF9900CA013B /* BBPatientFormsViewController.m */ = {isa = PBXFileReference; fileEncoding = 4; lastKnownFileType = sourcecode.c.objc; path = BBPatientFormsViewController.m; sourceTree = "<group>"; };
		F4AFB95D19ABC11900CA013B /* BBNewPatientViewController.h */ = {isa = PBXFileReference; fileEncoding = 4; lastKnownFileType = sourcecode.c.h; path = BBNewPatientViewController.h; sourceTree = "<group>"; };
		F4AFB95E19ABC11900CA013B /* BBNewPatientViewController.m */ = {isa = PBXFileReference; fileEncoding = 4; lastKnownFileType = sourcecode.c.objc; path = BBNewPatientViewController.m; sourceTree = "<group>"; };
		F4AFB96019ABC59E00CA013B /* BBCheckBox.h */ = {isa = PBXFileReference; fileEncoding = 4; lastKnownFileType = sourcecode.c.h; path = BBCheckBox.h; sourceTree = "<group>"; };
		F4AFB96119ABC59E00CA013B /* BBCheckBox.m */ = {isa = PBXFileReference; fileEncoding = 4; lastKnownFileType = sourcecode.c.objc; path = BBCheckBox.m; sourceTree = "<group>"; };
		F4B5D56B19ACC3E300174F61 /* OverviewViewController.h */ = {isa = PBXFileReference; fileEncoding = 4; lastKnownFileType = sourcecode.c.h; path = OverviewViewController.h; sourceTree = "<group>"; };
		F4B5D56C19ACC3E300174F61 /* OverviewViewController.m */ = {isa = PBXFileReference; fileEncoding = 4; lastKnownFileType = sourcecode.c.objc; path = OverviewViewController.m; sourceTree = "<group>"; };
		F4B5D56D19ACC3E300174F61 /* OverviewViewController.xib */ = {isa = PBXFileReference; fileEncoding = 4; lastKnownFileType = file.xib; path = OverviewViewController.xib; sourceTree = "<group>"; };
		F4B5D57019ACCE1800174F61 /* BBDaignosticStudiesViewController.h */ = {isa = PBXFileReference; fileEncoding = 4; lastKnownFileType = sourcecode.c.h; path = BBDaignosticStudiesViewController.h; sourceTree = "<group>"; };
		F4B5D57119ACCE1800174F61 /* BBDaignosticStudiesViewController.m */ = {isa = PBXFileReference; fileEncoding = 4; lastKnownFileType = sourcecode.c.objc; path = BBDaignosticStudiesViewController.m; sourceTree = "<group>"; };
		F4B5D57219ACCE1800174F61 /* BBDaignosticStudiesViewController.xib */ = {isa = PBXFileReference; fileEncoding = 4; lastKnownFileType = file.xib; path = BBDaignosticStudiesViewController.xib; sourceTree = "<group>"; };
		F4B5D57519ACD00400174F61 /* BBPlanDiscussionViewController.h */ = {isa = PBXFileReference; fileEncoding = 4; lastKnownFileType = sourcecode.c.h; path = BBPlanDiscussionViewController.h; sourceTree = "<group>"; };
		F4B5D57619ACD00400174F61 /* BBPlanDiscussionViewController.m */ = {isa = PBXFileReference; fileEncoding = 4; lastKnownFileType = sourcecode.c.objc; path = BBPlanDiscussionViewController.m; sourceTree = "<group>"; };
		F4B5D57719ACD00400174F61 /* BBPlanDiscussionViewController.xib */ = {isa = PBXFileReference; fileEncoding = 4; lastKnownFileType = file.xib; path = BBPlanDiscussionViewController.xib; sourceTree = "<group>"; };
		F4B5D57A19ACEC7A00174F61 /* BBPreOpReviewViewController.h */ = {isa = PBXFileReference; fileEncoding = 4; lastKnownFileType = sourcecode.c.h; path = BBPreOpReviewViewController.h; sourceTree = "<group>"; };
		F4B5D57B19ACEC7A00174F61 /* BBPreOpReviewViewController.m */ = {isa = PBXFileReference; fileEncoding = 4; lastKnownFileType = sourcecode.c.objc; path = BBPreOpReviewViewController.m; sourceTree = "<group>"; };
		F4B5D57C19ACEC7A00174F61 /* BBPreOpReviewViewController.xib */ = {isa = PBXFileReference; fileEncoding = 4; lastKnownFileType = file.xib; path = BBPreOpReviewViewController.xib; sourceTree = "<group>"; };
		F4CFF43819A526F10082CE70 /* View.xib */ = {isa = PBXFileReference; fileEncoding = 4; lastKnownFileType = file.xib; name = View.xib; path = ../View.xib; sourceTree = "<group>"; };
		F4D901B019B25DEB000E23E4 /* Operation.h */ = {isa = PBXFileReference; fileEncoding = 4; lastKnownFileType = sourcecode.c.h; path = Operation.h; sourceTree = "<group>"; };
		F4D901B119B25DEB000E23E4 /* Operation.m */ = {isa = PBXFileReference; fileEncoding = 4; lastKnownFileType = sourcecode.c.objc; path = Operation.m; sourceTree = "<group>"; };
		F4D901B319B25DEB000E23E4 /* Patient.h */ = {isa = PBXFileReference; fileEncoding = 4; lastKnownFileType = sourcecode.c.h; path = Patient.h; sourceTree = "<group>"; };
		F4D901B419B25DEB000E23E4 /* Patient.m */ = {isa = PBXFileReference; fileEncoding = 4; lastKnownFileType = sourcecode.c.objc; path = Patient.m; sourceTree = "<group>"; };
		F4D901B619B25F94000E23E4 /* BBData.h */ = {isa = PBXFileReference; fileEncoding = 4; lastKnownFileType = sourcecode.c.h; path = BBData.h; sourceTree = "<group>"; };
		F4D901B719B25F94000E23E4 /* BBData.m */ = {isa = PBXFileReference; fileEncoding = 4; lastKnownFileType = sourcecode.c.objc; path = BBData.m; sourceTree = "<group>"; };
		F4DEA449193E565C006B0FFA /* BBLinkedStoryBoardSegue.h */ = {isa = PBXFileReference; fileEncoding = 4; lastKnownFileType = sourcecode.c.h; name = BBLinkedStoryBoardSegue.h; path = iCare2/BBLinkedStoryBoardSegue.h; sourceTree = "<group>"; };
		F4DEA44A193E565C006B0FFA /* BBLinkedStoryBoardSegue.m */ = {isa = PBXFileReference; fileEncoding = 4; lastKnownFileType = sourcecode.c.objc; name = BBLinkedStoryBoardSegue.m; path = iCare2/BBLinkedStoryBoardSegue.m; sourceTree = "<group>"; };
		F4DF068A19B0BFE300DDBE7E /* LoginViewController.h */ = {isa = PBXFileReference; fileEncoding = 4; lastKnownFileType = sourcecode.c.h; path = LoginViewController.h; sourceTree = "<group>"; };
		F4DF068B19B0BFE300DDBE7E /* LoginViewController.m */ = {isa = PBXFileReference; fileEncoding = 4; lastKnownFileType = sourcecode.c.objc; path = LoginViewController.m; sourceTree = "<group>"; };
		F4DF068C19B0BFE300DDBE7E /* LoginViewController.xib */ = {isa = PBXFileReference; fileEncoding = 4; lastKnownFileType = file.xib; path = LoginViewController.xib; sourceTree = "<group>"; };
		F4DF069419B0C35E00DDBE7E /* CreateUserViewController.h */ = {isa = PBXFileReference; fileEncoding = 4; lastKnownFileType = sourcecode.c.h; path = CreateUserViewController.h; sourceTree = "<group>"; };
		F4DF069519B0C35E00DDBE7E /* CreateUserViewController.m */ = {isa = PBXFileReference; fileEncoding = 4; lastKnownFileType = sourcecode.c.objc; path = CreateUserViewController.m; sourceTree = "<group>"; };
		F4DF069619B0C35E00DDBE7E /* CreateUserViewController.xib */ = {isa = PBXFileReference; fileEncoding = 4; lastKnownFileType = file.xib; path = CreateUserViewController.xib; sourceTree = "<group>"; };
		F4DF06A019B149BE00DDBE7E /* BBDatePickerViewController.h */ = {isa = PBXFileReference; fileEncoding = 4; lastKnownFileType = sourcecode.c.h; path = BBDatePickerViewController.h; sourceTree = "<group>"; };
		F4DF06A119B149BE00DDBE7E /* BBDatePickerViewController.m */ = {isa = PBXFileReference; fileEncoding = 4; lastKnownFileType = sourcecode.c.objc; path = BBDatePickerViewController.m; sourceTree = "<group>"; };
/* End PBXFileReference section */

/* Begin PBXFrameworksBuildPhase section */
		F4615D46192F908E0031470B /* Frameworks */ = {
			isa = PBXFrameworksBuildPhase;
			buildActionMask = 2147483647;
			files = (
				F4615D4F192F908E0031470B /* CoreGraphics.framework in Frameworks */,
				F4615D53192F908E0031470B /* CoreData.framework in Frameworks */,
				F4615D51192F908E0031470B /* UIKit.framework in Frameworks */,
				F4615D4D192F908E0031470B /* Foundation.framework in Frameworks */,
			);
			runOnlyForDeploymentPostprocessing = 0;
		};
		F4615D66192F908E0031470B /* Frameworks */ = {
			isa = PBXFrameworksBuildPhase;
			buildActionMask = 2147483647;
			files = (
				F4615D6B192F908E0031470B /* XCTest.framework in Frameworks */,
				F4615D6E192F908E0031470B /* CoreData.framework in Frameworks */,
				F4615D6D192F908E0031470B /* UIKit.framework in Frameworks */,
				F4615D6C192F908E0031470B /* Foundation.framework in Frameworks */,
			);
			runOnlyForDeploymentPostprocessing = 0;
		};
/* End PBXFrameworksBuildPhase section */

/* Begin PBXGroup section */
		988D161719AE630B009A887A /* Anesthesia record */ = {
			isa = PBXGroup;
			children = (
				988D161819AE63A1009A887A /* AnesthesiaTypeViewController.h */,
				F47FF38919AE655A00809D30 /* BBAnesthesiaRecordController.h */,
				988D161B19AE63A1009A887A /* BBPreopActionsViewController.h */,
				988D162019AE63A1009A887A /* BetaBlockerViewController.h */,
				988D162619AE63A1009A887A /* EmergenceViewController.h */,
				988D162919AE63A1009A887A /* EndotrachealTubeViewController.h */,
				988D163E19AE63A1009A887A /* InductionAndDeviceViewController.h */,
				988D164119AE63A1009A887A /* IntubationViewController.h */,
				988D164419AE63A1009A887A /* InvasiveLinesViewController.h */,
				988D164719AE63A1009A887A /* IVAntibioticNameViewController.h */,
				988D164A19AE63A1009A887A /* MonitorinAndEquipmentViewController.h */,
				988D164D19AE63A2009A887A /* PersonelViewController.h */,
				988D165119AE63A2009A887A /* PositionViewController.h */,
				988D165419AE63A2009A887A /* PostAnesthesiaEvalViewController.h */,
				988D165719AE63A2009A887A /* PostOpDiagnosisViewController.h */,
				988D165A19AE63A2009A887A /* PostProcedureGeneralViewController.h */,
				988D165D19AE63A2009A887A /* PremedsGivenViewController.h */,
				988D166319AE63A2009A887A /* SpinalAnesthesiaViewController.h */,
				988D161919AE63A1009A887A /* AnesthesiaTypeViewController.m */,
				F47FF38A19AE655A00809D30 /* BBAnesthesiaRecordController.m */,
				988D161C19AE63A1009A887A /* BBPreopActionsViewController.m */,
				988D162119AE63A1009A887A /* BetaBlockerViewController.m */,
				988D162719AE63A1009A887A /* EmergenceViewController.m */,
				988D162A19AE63A1009A887A /* EndotrachealTubeViewController.m */,
				988D163F19AE63A1009A887A /* InductionAndDeviceViewController.m */,
				988D164219AE63A1009A887A /* IntubationViewController.m */,
				988D164519AE63A1009A887A /* InvasiveLinesViewController.m */,
				988D164819AE63A1009A887A /* IVAntibioticNameViewController.m */,
				988D164B19AE63A1009A887A /* MonitorinAndEquipmentViewController.m */,
				988D164E19AE63A2009A887A /* PersonelViewController.m */,
				988D165219AE63A2009A887A /* PositionViewController.m */,
				988D165519AE63A2009A887A /* PostAnesthesiaEvalViewController.m */,
				988D165819AE63A2009A887A /* PostOpDiagnosisViewController.m */,
				988D165B19AE63A2009A887A /* PostProcedureGeneralViewController.m */,
				988D165E19AE63A2009A887A /* PremedsGivenViewController.m */,
				988D166419AE63A2009A887A /* SpinalAnesthesiaViewController.m */,
				988D161A19AE63A1009A887A /* AnesthesiaTypeViewController.xib */,
				988D161D19AE63A1009A887A /* BBPreopActionsViewController.xib */,
				988D162219AE63A1009A887A /* BetaBlockerViewController.xib */,
				988D162819AE63A1009A887A /* EmergenceViewController.xib */,
				988D162B19AE63A1009A887A /* EndotrachealTubeViewController.xib */,
				988D164019AE63A1009A887A /* InductionAndDeviceViewController.xib */,
				988D164319AE63A1009A887A /* IntubationViewController.xib */,
				988D164619AE63A1009A887A /* InvasiveLinesViewController.xib */,
				988D164919AE63A1009A887A /* IVAntibioticNameViewController.xib */,
				988D164C19AE63A1009A887A /* MonitorinAndEquipmentViewController.xib */,
				988D164F19AE63A2009A887A /* PersonelViewController.xib */,
				988D165319AE63A2009A887A /* PositionViewController.xib */,
				988D165619AE63A2009A887A /* PostAnesthesiaEvalViewController.xib */,
				988D165919AE63A2009A887A /* PostOpDiagnosisViewController.xib */,
				988D165C19AE63A2009A887A /* PostProcedureGeneralViewController.xib */,
				988D165F19AE63A2009A887A /* PremedsGivenViewController.xib */,
				988D166519AE63A2009A887A /* SpinalAnesthesiaViewController.xib */,
			);
			name = "Anesthesia record";
			sourceTree = "<group>";
		};
		98FF05FB19B2262B0003129C /* TableAdapters */ = {
			isa = PBXGroup;
			children = (
				98FF05FC19B226900003129C /* BBPatientTableAdapter.h */,
				98FF05FD19B226900003129C /* BBPatientTableAdapter.m */,
				98FF05FF19B245970003129C /* BBPatientFormTableAdapter.h */,
				98FF060019B245970003129C /* BBPatientFormTableAdapter.m */,
				F48AAEDA19BE1C2D0051A168 /* BBOperationsTableAdapter.h */,
				F48AAEDB19BE1C2D0051A168 /* BBOperationsTableAdapter.m */,
			);
			name = TableAdapters;
			sourceTree = "<group>";
		};
		F417DB5619AE81BF00F13178 /* Evaluation */ = {
			isa = PBXGroup;
			children = (
				F4B5D56B19ACC3E300174F61 /* OverviewViewController.h */,
				F4B5D56C19ACC3E300174F61 /* OverviewViewController.m */,
				F4B5D56D19ACC3E300174F61 /* OverviewViewController.xib */,
				F4AFB92319ABABB000CA013B /* BBRespiratoryViewController.h */,
				F4AFB92419ABABB000CA013B /* BBRespiratoryViewController.m */,
				F4AFB92519ABABB000CA013B /* BBRespiratoryViewController.xib */,
				F4AFB92C19ABAF2000CA013B /* BBCardioViewController.h */,
				F4AFB92D19ABAF2000CA013B /* BBCardioViewController.m */,
				F4AFB92E19ABAF2000CA013B /* BBCardioViewController.xib */,
				F4AFB93119ABB0B600CA013B /* BBHepatoViewController.h */,
				F4AFB93219ABB0B600CA013B /* BBHepatoViewController.m */,
				F4AFB93319ABB0B600CA013B /* BBHepatoViewController.xib */,
				F4AFB93619ABB55E00CA013B /* BBNeuroligcViewController.h */,
				F4AFB93719ABB55E00CA013B /* BBNeuroligcViewController.m */,
				F4AFB93819ABB55E00CA013B /* BBNeuroligcViewController.xib */,
				F4AFB93B19ABB65000CA013B /* BBEndocrineViewController.h */,
				F4AFB93C19ABB65000CA013B /* BBEndocrineViewController.m */,
				F4AFB93D19ABB65000CA013B /* BBEndocrineViewController.xib */,
				F4AFB94019ABB71D00CA013B /* BBRenalViewController.h */,
				F4AFB94119ABB71D00CA013B /* BBRenalViewController.m */,
				F4AFB94219ABB71D00CA013B /* BBRenalViewController.xib */,
				F4AFB94519ABB86100CA013B /* BBHemOncViewController.h */,
				F4AFB94619ABB86100CA013B /* BBHemOncViewController.m */,
				F4AFB94719ABB86100CA013B /* BBHemOncViewController.xib */,
				F4AFB94A19ABB8E300CA013B /* BBImmuneIDViewController.h */,
				F4AFB94B19ABB8E300CA013B /* BBImmuneIDViewController.m */,
				F4AFB94C19ABB8E300CA013B /* BBImmuneIDViewController.xib */,
				F4AFB94F19ABB96700CA013B /* BBOtherViewController.h */,
				F4AFB95019ABB96700CA013B /* BBOtherViewController.m */,
				F4AFB95119ABB96700CA013B /* BBOtherViewController.xib */,
				F4B5D57019ACCE1800174F61 /* BBDaignosticStudiesViewController.h */,
				F4B5D57119ACCE1800174F61 /* BBDaignosticStudiesViewController.m */,
				F4B5D57219ACCE1800174F61 /* BBDaignosticStudiesViewController.xib */,
				F4B5D57519ACD00400174F61 /* BBPlanDiscussionViewController.h */,
				F4B5D57619ACD00400174F61 /* BBPlanDiscussionViewController.m */,
				F4B5D57719ACD00400174F61 /* BBPlanDiscussionViewController.xib */,
				F4AFB95719ABBECC00CA013B /* BBPreOpEvalTableTableViewController.h */,
				F4AFB95819ABBECC00CA013B /* BBPreOpEvalTableTableViewController.m */,
				F4B5D57A19ACEC7A00174F61 /* BBPreOpReviewViewController.h */,
				F4B5D57B19ACEC7A00174F61 /* BBPreOpReviewViewController.m */,
				F4B5D57C19ACEC7A00174F61 /* BBPreOpReviewViewController.xib */,
			);
			name = Evaluation;
			sourceTree = "<group>";
		};
		F417DB5719AE82A100F13178 /* Model */ = {
			isa = PBXGroup;
			children = (
				F4D901B619B25F94000E23E4 /* BBData.h */,
				F4D901B719B25F94000E23E4 /* BBData.m */,
				F4D901B319B25DEB000E23E4 /* Patient.h */,
				F4D901B419B25DEB000E23E4 /* Patient.m */,
				F4D901B019B25DEB000E23E4 /* Operation.h */,
				F4D901B119B25DEB000E23E4 /* Operation.m */,
				98FF05F519B0CAF10003129C /* Practitioner.h */,
				98FF05F619B0CAF10003129C /* Practitioner.m */,
				F417DB6D19AE8F9400F13178 /* DataModel.xcdatamodeld */,
			);
			name = Model;
			sourceTree = "<group>";
		};
		F4615D40192F908E0031470B = {
			isa = PBXGroup;
			children = (
				98FF05FB19B2262B0003129C /* TableAdapters */,
				F4DF06A619B1F4F000DDBE7E /* New Patient and Forms selection */,
				F4DF06A319B1F30300DDBE7E /* Authentication */,
				F4DF069F19B149AA00DDBE7E /* Utils */,
				F417DB5719AE82A100F13178 /* Model */,
				F417DB5619AE81BF00F13178 /* Evaluation */,
				988D161719AE630B009A887A /* Anesthesia record */,
				F4615D54192F908E0031470B /* iCare2 */,
				F4615D4B192F908E0031470B /* Frameworks */,
				F4615D4A192F908E0031470B /* Products */,
			);
			sourceTree = "<group>";
		};
		F4615D4A192F908E0031470B /* Products */ = {
			isa = PBXGroup;
			children = (
				F4615D49192F908E0031470B /* iCare2.app */,
				F4615D69192F908E0031470B /* iCare2Tests.xctest */,
			);
			name = Products;
			sourceTree = "<group>";
		};
		F4615D4B192F908E0031470B /* Frameworks */ = {
			isa = PBXGroup;
			children = (
				F4615D4C192F908E0031470B /* Foundation.framework */,
				F4615D4E192F908E0031470B /* CoreGraphics.framework */,
				F4615D50192F908E0031470B /* UIKit.framework */,
				F4615D52192F908E0031470B /* CoreData.framework */,
				F4615D6A192F908E0031470B /* XCTest.framework */,
			);
			name = Frameworks;
			sourceTree = "<group>";
		};
		F4615D54192F908E0031470B /* iCare2 */ = {
			isa = PBXGroup;
			children = (
				F4CFF43819A526F10082CE70 /* View.xib */,
				F43148BD1933B66D00529FC4 /* Storyboard.storyboard */,
				F4AFB95419ABBDF600CA013B /* BBMainViewController.h */,
				F4AFB95519ABBDF600CA013B /* BBMainViewController.m */,
				F4615D5D192F908E0031470B /* BPBAppDelegate.h */,
				F4615D5E192F908E0031470B /* BPBAppDelegate.m */,
				F4615D63192F908E0031470B /* Images.xcassets */,
				F4615D55192F908E0031470B /* Supporting Files */,
			);
			path = iCare2;
			sourceTree = "<group>";
		};
		F4615D55192F908E0031470B /* Supporting Files */ = {
			isa = PBXGroup;
			children = (
				F4AFB92819ABADD900CA013B /* checkbox_selected.png */,
				F4AFB92919ABADD900CA013B /* checkbox_unselected.png */,
				F4615D56192F908E0031470B /* iCare2-Info.plist */,
				F4615D57192F908E0031470B /* InfoPlist.strings */,
				F4615D5A192F908E0031470B /* main.m */,
				F4615D5C192F908E0031470B /* iCare2-Prefix.pch */,
			);
			name = "Supporting Files";
			sourceTree = "<group>";
		};
		F4DF069F19B149AA00DDBE7E /* Utils */ = {
			isa = PBXGroup;
			children = (
				F4DEA449193E565C006B0FFA /* BBLinkedStoryBoardSegue.h */,
				F4DEA44A193E565C006B0FFA /* BBLinkedStoryBoardSegue.m */,
				F4AFB96019ABC59E00CA013B /* BBCheckBox.h */,
				F4AFB96119ABC59E00CA013B /* BBCheckBox.m */,
				F4DF06A019B149BE00DDBE7E /* BBDatePickerViewController.h */,
				F4DF06A119B149BE00DDBE7E /* BBDatePickerViewController.m */,
				98FF05F819B20D4F0003129C /* BBUtil.h */,
				98FF05F919B20D4F0003129C /* BBUtil.m */,
				98FF060B19BDF7530003129C /* BBAutoCompleteTextFieldDelegate.h */,
				98FF060C19BDF7530003129C /* BBAutoCompleteTextFieldDelegate.m */,
				98FF060E19BE01F40003129C /* BBAutoCompleteTextField.h */,
				98FF060F19BE01F40003129C /* BBAutoCompleteTextField.m */,
			);
			name = Utils;
			sourceTree = "<group>";
		};
		F4DF06A319B1F30300DDBE7E /* Authentication */ = {
			isa = PBXGroup;
			children = (
				F4DF069419B0C35E00DDBE7E /* CreateUserViewController.h */,
				F4DF069519B0C35E00DDBE7E /* CreateUserViewController.m */,
				F4DF069619B0C35E00DDBE7E /* CreateUserViewController.xib */,
				F4DF068A19B0BFE300DDBE7E /* LoginViewController.h */,
				F4DF068B19B0BFE300DDBE7E /* LoginViewController.m */,
				F4DF068C19B0BFE300DDBE7E /* LoginViewController.xib */,
			);
			name = Authentication;
			sourceTree = "<group>";
		};
		F4DF06A619B1F4F000DDBE7E /* New Patient and Forms selection */ = {
			isa = PBXGroup;
			children = (
				F4AFB95D19ABC11900CA013B /* BBNewPatientViewController.h */,
				F4AFB95E19ABC11900CA013B /* BBNewPatientViewController.m */,
				F4AFB95A19ABBF9900CA013B /* BBPatientFormsViewController.h */,
				F4AFB95B19ABBF9900CA013B /* BBPatientFormsViewController.m */,
			);
			name = "New Patient and Forms selection";
			sourceTree = "<group>";
		};
/* End PBXGroup section */

/* Begin PBXNativeTarget section */
		F4615D48192F908E0031470B /* iCare2 */ = {
			isa = PBXNativeTarget;
			buildConfigurationList = F4615D7B192F908E0031470B /* Build configuration list for PBXNativeTarget "iCare2" */;
			buildPhases = (
				F4615D45192F908E0031470B /* Sources */,
				F4615D46192F908E0031470B /* Frameworks */,
				F4615D47192F908E0031470B /* Resources */,
			);
			buildRules = (
			);
			dependencies = (
			);
			name = iCare2;
			productName = iCare2;
			productReference = F4615D49192F908E0031470B /* iCare2.app */;
			productType = "com.apple.product-type.application";
		};
		F4615D68192F908E0031470B /* iCare2Tests */ = {
			isa = PBXNativeTarget;
			buildConfigurationList = F4615D7E192F908E0031470B /* Build configuration list for PBXNativeTarget "iCare2Tests" */;
			buildPhases = (
				F4615D65192F908E0031470B /* Sources */,
				F4615D66192F908E0031470B /* Frameworks */,
				F4615D67192F908E0031470B /* Resources */,
			);
			buildRules = (
			);
			dependencies = (
				F4615D70192F908E0031470B /* PBXTargetDependency */,
			);
			name = iCare2Tests;
			productName = iCare2Tests;
			productReference = F4615D69192F908E0031470B /* iCare2Tests.xctest */;
			productType = "com.apple.product-type.bundle.unit-test";
		};
/* End PBXNativeTarget section */

/* Begin PBXProject section */
		F4615D41192F908E0031470B /* Project object */ = {
			isa = PBXProject;
			attributes = {
				CLASSPREFIX = BPB;
				LastUpgradeCheck = 0510;
				ORGANIZATIONNAME = "Spartan Systems Inc.";
				TargetAttributes = {
					F4615D68192F908E0031470B = {
						TestTargetID = F4615D48192F908E0031470B;
					};
				};
			};
			buildConfigurationList = F4615D44192F908E0031470B /* Build configuration list for PBXProject "iCare2" */;
			compatibilityVersion = "Xcode 3.2";
			developmentRegion = English;
			hasScannedForEncodings = 0;
			knownRegions = (
				en,
			);
			mainGroup = F4615D40192F908E0031470B;
			productRefGroup = F4615D4A192F908E0031470B /* Products */;
			projectDirPath = "";
			projectRoot = "";
			targets = (
				F4615D48192F908E0031470B /* iCare2 */,
				F4615D68192F908E0031470B /* iCare2Tests */,
			);
		};
/* End PBXProject section */

/* Begin PBXResourcesBuildPhase section */
		F4615D47192F908E0031470B /* Resources */ = {
			isa = PBXResourcesBuildPhase;
			buildActionMask = 2147483647;
			files = (
				F4615D59192F908E0031470B /* InfoPlist.strings in Resources */,
				F4AFB94E19ABB8E300CA013B /* BBImmuneIDViewController.xib in Resources */,
				F4AFB93A19ABB55E00CA013B /* BBNeuroligcViewController.xib in Resources */,
				F4AFB92A19ABADD900CA013B /* checkbox_selected.png in Resources */,
				F4B5D56F19ACC3E300174F61 /* OverviewViewController.xib in Resources */,
				F4AFB94419ABB71D00CA013B /* BBRenalViewController.xib in Resources */,
				988D167019AE63A2009A887A /* EmergenceViewController.xib in Resources */,
				988D168019AE63A2009A887A /* IntubationViewController.xib in Resources */,
				F4AFB94919ABB86100CA013B /* BBHemOncViewController.xib in Resources */,
				F4AFB92B19ABADD900CA013B /* checkbox_unselected.png in Resources */,
				988D168619AE63A2009A887A /* MonitorinAndEquipmentViewController.xib in Resources */,
				F4DF069819B0C35E00DDBE7E /* CreateUserViewController.xib in Resources */,
				988D169119AE63A2009A887A /* PostProcedureGeneralViewController.xib in Resources */,
				F4AFB92719ABABB000CA013B /* BBRespiratoryViewController.xib in Resources */,
				988D167E19AE63A2009A887A /* InductionAndDeviceViewController.xib in Resources */,
				988D168D19AE63A2009A887A /* PostAnesthesiaEvalViewController.xib in Resources */,
				988D168419AE63A2009A887A /* IVAntibioticNameViewController.xib in Resources */,
				988D168219AE63A2009A887A /* InvasiveLinesViewController.xib in Resources */,
				988D168F19AE63A2009A887A /* PostOpDiagnosisViewController.xib in Resources */,
				F4B5D57E19ACEC7A00174F61 /* BBPreOpReviewViewController.xib in Resources */,
				988D168B19AE63A2009A887A /* PositionViewController.xib in Resources */,
				988D166919AE63A2009A887A /* BBPreopActionsViewController.xib in Resources */,
				F4AFB93F19ABB65000CA013B /* BBEndocrineViewController.xib in Resources */,
				F4CFF43919A526F10082CE70 /* View.xib in Resources */,
				988D169319AE63A2009A887A /* PremedsGivenViewController.xib in Resources */,
				F4AFB93519ABB0B600CA013B /* BBHepatoViewController.xib in Resources */,
				F4DF068E19B0BFE300DDBE7E /* LoginViewController.xib in Resources */,
				F4B5D57919ACD00400174F61 /* BBPlanDiscussionViewController.xib in Resources */,
				988D166719AE63A2009A887A /* AnesthesiaTypeViewController.xib in Resources */,
				988D169819AE63A2009A887A /* SpinalAnesthesiaViewController.xib in Resources */,
				F4615D64192F908E0031470B /* Images.xcassets in Resources */,
				F43148BE1933B66D00529FC4 /* Storyboard.storyboard in Resources */,
				988D168819AE63A2009A887A /* PersonelViewController.xib in Resources */,
				F4AFB93019ABAF2000CA013B /* BBCardioViewController.xib in Resources */,
				F4AFB95319ABB96700CA013B /* BBOtherViewController.xib in Resources */,
				F4B5D57419ACCE1800174F61 /* BBDaignosticStudiesViewController.xib in Resources */,
				988D166C19AE63A2009A887A /* BetaBlockerViewController.xib in Resources */,
				988D167219AE63A2009A887A /* EndotrachealTubeViewController.xib in Resources */,
			);
			runOnlyForDeploymentPostprocessing = 0;
		};
		F4615D67192F908E0031470B /* Resources */ = {
			isa = PBXResourcesBuildPhase;
			buildActionMask = 2147483647;
			files = (
			);
			runOnlyForDeploymentPostprocessing = 0;
		};
/* End PBXResourcesBuildPhase section */

/* Begin PBXSourcesBuildPhase section */
		F4615D45192F908E0031470B /* Sources */ = {
			isa = PBXSourcesBuildPhase;
			buildActionMask = 2147483647;
			files = (
				988D166819AE63A2009A887A /* BBPreopActionsViewController.m in Sources */,
				98FF060119B245970003129C /* BBPatientFormTableAdapter.m in Sources */,
				F4B5D57D19ACEC7A00174F61 /* BBPreOpReviewViewController.m in Sources */,
				F4AFB95C19ABBF9900CA013B /* BBPatientFormsViewController.m in Sources */,
				F4B5D56E19ACC3E300174F61 /* OverviewViewController.m in Sources */,
				F4AFB94D19ABB8E300CA013B /* BBImmuneIDViewController.m in Sources */,
				F4AFB95F19ABC11900CA013B /* BBNewPatientViewController.m in Sources */,
				988D166B19AE63A2009A887A /* BetaBlockerViewController.m in Sources */,
				F4DF068D19B0BFE300DDBE7E /* LoginViewController.m in Sources */,
				988D167F19AE63A2009A887A /* IntubationViewController.m in Sources */,
				F417DB6F19AE8F9400F13178 /* DataModel.xcdatamodeld in Sources */,
				988D167119AE63A2009A887A /* EndotrachealTubeViewController.m in Sources */,
				F48AAEDC19BE1C2D0051A168 /* BBOperationsTableAdapter.m in Sources */,
				F4AFB92F19ABAF2000CA013B /* BBCardioViewController.m in Sources */,
				F4D901B819B25F94000E23E4 /* BBData.m in Sources */,
				F4DEA44B193E565C006B0FFA /* BBLinkedStoryBoardSegue.m in Sources */,
				F4615D5B192F908E0031470B /* main.m in Sources */,
				988D168A19AE63A2009A887A /* PositionViewController.m in Sources */,
				F4D901B519B25DEB000E23E4 /* Patient.m in Sources */,
				988D166619AE63A2009A887A /* AnesthesiaTypeViewController.m in Sources */,
				988D169019AE63A2009A887A /* PostProcedureGeneralViewController.m in Sources */,
				988D168C19AE63A2009A887A /* PostAnesthesiaEvalViewController.m in Sources */,
				F47FF38B19AE655A00809D30 /* BBAnesthesiaRecordController.m in Sources */,
				F4AFB93419ABB0B600CA013B /* BBHepatoViewController.m in Sources */,
				98FF05FA19B20D4F0003129C /* BBUtil.m in Sources */,
				988D167D19AE63A2009A887A /* InductionAndDeviceViewController.m in Sources */,
				988D169719AE63A2009A887A /* SpinalAnesthesiaViewController.m in Sources */,
				98FF05F719B0CAF10003129C /* Practitioner.m in Sources */,
				98FF061019BE01F40003129C /* BBAutoCompleteTextField.m in Sources */,
				988D168319AE63A2009A887A /* IVAntibioticNameViewController.m in Sources */,
				F4B5D57319ACCE1800174F61 /* BBDaignosticStudiesViewController.m in Sources */,
				988D166F19AE63A2009A887A /* EmergenceViewController.m in Sources */,
				F4AFB95219ABB96700CA013B /* BBOtherViewController.m in Sources */,
				F4DF06A219B149BE00DDBE7E /* BBDatePickerViewController.m in Sources */,
				F4DF069719B0C35E00DDBE7E /* CreateUserViewController.m in Sources */,
				F4615D5F192F908E0031470B /* BPBAppDelegate.m in Sources */,
				98FF05FE19B226900003129C /* BBPatientTableAdapter.m in Sources */,
				F4AFB93919ABB55E00CA013B /* BBNeuroligcViewController.m in Sources */,
				F4AFB94819ABB86100CA013B /* BBHemOncViewController.m in Sources */,
				F4AFB96219ABC59E00CA013B /* BBCheckBox.m in Sources */,
				F4AFB94319ABB71D00CA013B /* BBRenalViewController.m in Sources */,
				988D168119AE63A2009A887A /* InvasiveLinesViewController.m in Sources */,
				988D168E19AE63A2009A887A /* PostOpDiagnosisViewController.m in Sources */,
				F4D901B219B25DEB000E23E4 /* Operation.m in Sources */,
				F4AFB95619ABBDF600CA013B /* BBMainViewController.m in Sources */,
				988D168519AE63A2009A887A /* MonitorinAndEquipmentViewController.m in Sources */,
				F4AFB92619ABABB000CA013B /* BBRespiratoryViewController.m in Sources */,
				988D168719AE63A2009A887A /* PersonelViewController.m in Sources */,
				F4AFB93E19ABB65000CA013B /* BBEndocrineViewController.m in Sources */,
				F4B5D57819ACD00400174F61 /* BBPlanDiscussionViewController.m in Sources */,
				F4AFB95919ABBECC00CA013B /* BBPreOpEvalTableTableViewController.m in Sources */,
				98FF060D19BDF7530003129C /* BBAutoCompleteTextFieldDelegate.m in Sources */,
				988D169219AE63A2009A887A /* PremedsGivenViewController.m in Sources */,
			);
			runOnlyForDeploymentPostprocessing = 0;
		};
		F4615D65192F908E0031470B /* Sources */ = {
			isa = PBXSourcesBuildPhase;
			buildActionMask = 2147483647;
			files = (
			);
			runOnlyForDeploymentPostprocessing = 0;
		};
/* End PBXSourcesBuildPhase section */

/* Begin PBXTargetDependency section */
		F4615D70192F908E0031470B /* PBXTargetDependency */ = {
			isa = PBXTargetDependency;
			target = F4615D48192F908E0031470B /* iCare2 */;
			targetProxy = F4615D6F192F908E0031470B /* PBXContainerItemProxy */;
		};
/* End PBXTargetDependency section */

/* Begin PBXVariantGroup section */
		F4615D57192F908E0031470B /* InfoPlist.strings */ = {
			isa = PBXVariantGroup;
			children = (
				F4615D58192F908E0031470B /* en */,
			);
			name = InfoPlist.strings;
			sourceTree = "<group>";
		};
/* End PBXVariantGroup section */

/* Begin XCBuildConfiguration section */
		F4615D79192F908E0031470B /* Debug */ = {
			isa = XCBuildConfiguration;
			buildSettings = {
				ALWAYS_SEARCH_USER_PATHS = NO;
				CLANG_CXX_LANGUAGE_STANDARD = "gnu++0x";
				CLANG_CXX_LIBRARY = "libc++";
				CLANG_ENABLE_MODULES = YES;
				CLANG_ENABLE_OBJC_ARC = YES;
				CLANG_WARN_BOOL_CONVERSION = YES;
				CLANG_WARN_CONSTANT_CONVERSION = YES;
				CLANG_WARN_DIRECT_OBJC_ISA_USAGE = YES_ERROR;
				CLANG_WARN_EMPTY_BODY = YES;
				CLANG_WARN_ENUM_CONVERSION = YES;
				CLANG_WARN_INT_CONVERSION = YES;
				CLANG_WARN_OBJC_ROOT_CLASS = YES_ERROR;
				CLANG_WARN__DUPLICATE_METHOD_MATCH = YES;
				"CODE_SIGN_IDENTITY[sdk=iphoneos*]" = "iPhone Developer";
				COPY_PHASE_STRIP = NO;
				GCC_C_LANGUAGE_STANDARD = gnu99;
				GCC_DYNAMIC_NO_PIC = NO;
				GCC_OPTIMIZATION_LEVEL = 0;
				GCC_PREPROCESSOR_DEFINITIONS = (
					"DEBUG=1",
					"$(inherited)",
				);
				GCC_SYMBOLS_PRIVATE_EXTERN = NO;
				GCC_WARN_64_TO_32_BIT_CONVERSION = YES;
				GCC_WARN_ABOUT_RETURN_TYPE = YES_ERROR;
				GCC_WARN_UNDECLARED_SELECTOR = YES;
				GCC_WARN_UNINITIALIZED_AUTOS = YES_AGGRESSIVE;
				GCC_WARN_UNUSED_FUNCTION = YES;
				GCC_WARN_UNUSED_VARIABLE = YES;
				IPHONEOS_DEPLOYMENT_TARGET = 7.1;
				ONLY_ACTIVE_ARCH = YES;
				SDKROOT = iphoneos;
				TARGETED_DEVICE_FAMILY = 2;
			};
			name = Debug;
		};
		F4615D7A192F908E0031470B /* Release */ = {
			isa = XCBuildConfiguration;
			buildSettings = {
				ALWAYS_SEARCH_USER_PATHS = NO;
				CLANG_CXX_LANGUAGE_STANDARD = "gnu++0x";
				CLANG_CXX_LIBRARY = "libc++";
				CLANG_ENABLE_MODULES = YES;
				CLANG_ENABLE_OBJC_ARC = YES;
				CLANG_WARN_BOOL_CONVERSION = YES;
				CLANG_WARN_CONSTANT_CONVERSION = YES;
				CLANG_WARN_DIRECT_OBJC_ISA_USAGE = YES_ERROR;
				CLANG_WARN_EMPTY_BODY = YES;
				CLANG_WARN_ENUM_CONVERSION = YES;
				CLANG_WARN_INT_CONVERSION = YES;
				CLANG_WARN_OBJC_ROOT_CLASS = YES_ERROR;
				CLANG_WARN__DUPLICATE_METHOD_MATCH = YES;
				"CODE_SIGN_IDENTITY[sdk=iphoneos*]" = "iPhone Developer";
				COPY_PHASE_STRIP = YES;
				ENABLE_NS_ASSERTIONS = NO;
				GCC_C_LANGUAGE_STANDARD = gnu99;
				GCC_WARN_64_TO_32_BIT_CONVERSION = YES;
				GCC_WARN_ABOUT_RETURN_TYPE = YES_ERROR;
				GCC_WARN_UNDECLARED_SELECTOR = YES;
				GCC_WARN_UNINITIALIZED_AUTOS = YES_AGGRESSIVE;
				GCC_WARN_UNUSED_FUNCTION = YES;
				GCC_WARN_UNUSED_VARIABLE = YES;
				IPHONEOS_DEPLOYMENT_TARGET = 7.1;
				SDKROOT = iphoneos;
				TARGETED_DEVICE_FAMILY = 2;
				VALIDATE_PRODUCT = YES;
			};
			name = Release;
		};
		F4615D7C192F908E0031470B /* Debug */ = {
			isa = XCBuildConfiguration;
			buildSettings = {
				ASSETCATALOG_COMPILER_APPICON_NAME = AppIcon;
				ASSETCATALOG_COMPILER_LAUNCHIMAGE_NAME = LaunchImage;
				GCC_PRECOMPILE_PREFIX_HEADER = YES;
				GCC_PREFIX_HEADER = "iCare2/iCare2-Prefix.pch";
				INFOPLIST_FILE = "iCare2/iCare2-Info.plist";
				PRODUCT_NAME = "$(TARGET_NAME)";
				WRAPPER_EXTENSION = app;
			};
			name = Debug;
		};
		F4615D7D192F908E0031470B /* Release */ = {
			isa = XCBuildConfiguration;
			buildSettings = {
				ASSETCATALOG_COMPILER_APPICON_NAME = AppIcon;
				ASSETCATALOG_COMPILER_LAUNCHIMAGE_NAME = LaunchImage;
				GCC_PRECOMPILE_PREFIX_HEADER = YES;
				GCC_PREFIX_HEADER = "iCare2/iCare2-Prefix.pch";
				INFOPLIST_FILE = "iCare2/iCare2-Info.plist";
				PRODUCT_NAME = "$(TARGET_NAME)";
				WRAPPER_EXTENSION = app;
			};
			name = Release;
		};
		F4615D7F192F908E0031470B /* Debug */ = {
			isa = XCBuildConfiguration;
			buildSettings = {
				BUNDLE_LOADER = "$(BUILT_PRODUCTS_DIR)/iCare2.app/iCare2";
				FRAMEWORK_SEARCH_PATHS = (
					"$(SDKROOT)/Developer/Library/Frameworks",
					"$(inherited)",
					"$(DEVELOPER_FRAMEWORKS_DIR)",
				);
				GCC_PRECOMPILE_PREFIX_HEADER = YES;
				GCC_PREFIX_HEADER = "iCare2/iCare2-Prefix.pch";
				GCC_PREPROCESSOR_DEFINITIONS = (
					"DEBUG=1",
					"$(inherited)",
				);
				INFOPLIST_FILE = "iCare2Tests/iCare2Tests-Info.plist";
				PRODUCT_NAME = "$(TARGET_NAME)";
				TEST_HOST = "$(BUNDLE_LOADER)";
				WRAPPER_EXTENSION = xctest;
			};
			name = Debug;
		};
		F4615D80192F908E0031470B /* Release */ = {
			isa = XCBuildConfiguration;
			buildSettings = {
				BUNDLE_LOADER = "$(BUILT_PRODUCTS_DIR)/iCare2.app/iCare2";
				FRAMEWORK_SEARCH_PATHS = (
					"$(SDKROOT)/Developer/Library/Frameworks",
					"$(inherited)",
					"$(DEVELOPER_FRAMEWORKS_DIR)",
				);
				GCC_PRECOMPILE_PREFIX_HEADER = YES;
				GCC_PREFIX_HEADER = "iCare2/iCare2-Prefix.pch";
				INFOPLIST_FILE = "iCare2Tests/iCare2Tests-Info.plist";
				PRODUCT_NAME = "$(TARGET_NAME)";
				TEST_HOST = "$(BUNDLE_LOADER)";
				WRAPPER_EXTENSION = xctest;
			};
			name = Release;
		};
/* End XCBuildConfiguration section */

/* Begin XCConfigurationList section */
		F4615D44192F908E0031470B /* Build configuration list for PBXProject "iCare2" */ = {
			isa = XCConfigurationList;
			buildConfigurations = (
				F4615D79192F908E0031470B /* Debug */,
				F4615D7A192F908E0031470B /* Release */,
			);
			defaultConfigurationIsVisible = 0;
			defaultConfigurationName = Release;
		};
		F4615D7B192F908E0031470B /* Build configuration list for PBXNativeTarget "iCare2" */ = {
			isa = XCConfigurationList;
			buildConfigurations = (
				F4615D7C192F908E0031470B /* Debug */,
				F4615D7D192F908E0031470B /* Release */,
			);
			defaultConfigurationIsVisible = 0;
			defaultConfigurationName = Release;
		};
		F4615D7E192F908E0031470B /* Build configuration list for PBXNativeTarget "iCare2Tests" */ = {
			isa = XCConfigurationList;
			buildConfigurations = (
				F4615D7F192F908E0031470B /* Debug */,
				F4615D80192F908E0031470B /* Release */,
			);
			defaultConfigurationIsVisible = 0;
			defaultConfigurationName = Release;
		};
/* End XCConfigurationList section */

/* Begin XCVersionGroup section */
		F417DB6D19AE8F9400F13178 /* DataModel.xcdatamodeld */ = {
			isa = XCVersionGroup;
			children = (
				F417DB6E19AE8F9400F13178 /* DataModel.xcdatamodel */,
			);
			currentVersion = F417DB6E19AE8F9400F13178 /* DataModel.xcdatamodel */;
			path = DataModel.xcdatamodeld;
			sourceTree = "<group>";
			versionGroupType = wrapper.xcdatamodel;
		};
/* End XCVersionGroup section */
	};
	rootObject = F4615D41192F908E0031470B /* Project object */;
}
